{
  "pins" : [
    {
      "identity" : "facebook-ios-sdk",
      "kind" : "remoteSourceControl",
      "location" : "https://github.com/facebook/facebook-ios-sdk",
      "state" : {
        "branch" : "main",
        "revision" : "863da663690d60f74b3a0ff66233a3d274c0a1c6"
      }
    }
  ],
  "version" : 2
}
