// !$*UTF8*$!
{
	archiveVersion = 1;
	classes = {
	};
	objectVersion = 55;
	objects = {

/* Begin PBXBuildFile section */
		4F2FFBD02885DBA200F766AC /* CommentCell.m in Sources */ = {isa = PBXBuildFile; fileRef = 4F2FFBCF2885DBA200F766AC /* CommentCell.m */; };
		4F2FFBD62885F69400F766AC /* Comment.m in Sources */ = {isa = PBXBuildFile; fileRef = 4F2FFBD52885F69400F766AC /* Comment.m */; };
		4F2FFBD92885F90300F766AC /* ComposeViewController.m in Sources */ = {isa = PBXBuildFile; fileRef = 4F2FFBD82885F90300F766AC /* ComposeViewController.m */; };
		4F80F5A72876730500B93E31 /* AppDelegate.m in Sources */ = {isa = PBXBuildFile; fileRef = 4F80F5A62876730500B93E31 /* AppDelegate.m */; };
		4F80F5AA2876730500B93E31 /* SceneDelegate.m in Sources */ = {isa = PBXBuildFile; fileRef = 4F80F5A92876730500B93E31 /* SceneDelegate.m */; };
		4F80F5B02876730500B93E31 /* Main.storyboard in Resources */ = {isa = PBXBuildFile; fileRef = 4F80F5AE2876730500B93E31 /* Main.storyboard */; };
		4F80F5B22876730500B93E31 /* Assets.xcassets in Resources */ = {isa = PBXBuildFile; fileRef = 4F80F5B12876730500B93E31 /* Assets.xcassets */; };
		4F80F5B52876730500B93E31 /* LaunchScreen.storyboard in Resources */ = {isa = PBXBuildFile; fileRef = 4F80F5B32876730500B93E31 /* LaunchScreen.storyboard */; };
		4F80F5B82876730500B93E31 /* main.m in Sources */ = {isa = PBXBuildFile; fileRef = 4F80F5B72876730500B93E31 /* main.m */; };
		4F80F5C22876730600B93E31 /* BookWormTests.m in Sources */ = {isa = PBXBuildFile; fileRef = 4F80F5C12876730600B93E31 /* BookWormTests.m */; };
		4F80F5CC2876730600B93E31 /* BookWormUITests.m in Sources */ = {isa = PBXBuildFile; fileRef = 4F80F5CB2876730600B93E31 /* BookWormUITests.m */; };
		4F80F5CE2876730600B93E31 /* BookWormUITestsLaunchTests.m in Sources */ = {isa = PBXBuildFile; fileRef = 4F80F5CD2876730600B93E31 /* BookWormUITestsLaunchTests.m */; };
		4F80F5DC287674D300B93E31 /* FirstViewController.m in Sources */ = {isa = PBXBuildFile; fileRef = 4F80F5DB287674D300B93E31 /* FirstViewController.m */; };
		4F80F5E02876751700B93E31 /* LoginViewController.m in Sources */ = {isa = PBXBuildFile; fileRef = 4F80F5DF2876751700B93E31 /* LoginViewController.m */; };
		4F80F5E32876752800B93E31 /* SignUpViewController.m in Sources */ = {isa = PBXBuildFile; fileRef = 4F80F5E22876752800B93E31 /* SignUpViewController.m */; };
		4F80F5E62876758B00B93E31 /* GenrePickerViewController.m in Sources */ = {isa = PBXBuildFile; fileRef = 4F80F5E52876758B00B93E31 /* GenrePickerViewController.m */; };
		4F80F5E9287675C000B93E31 /* RecommendationsViewController.m in Sources */ = {isa = PBXBuildFile; fileRef = 4F80F5E8287675C000B93E31 /* RecommendationsViewController.m */; };
		4F80F5EC287675D600B93E31 /* MyBooksViewController.m in Sources */ = {isa = PBXBuildFile; fileRef = 4F80F5EB287675D600B93E31 /* MyBooksViewController.m */; };
		4F80F5EF287675E800B93E31 /* BookTalkViewController.m in Sources */ = {isa = PBXBuildFile; fileRef = 4F80F5EE287675E800B93E31 /* BookTalkViewController.m */; };
		4F80F5F2287675F700B93E31 /* ProfileViewController.m in Sources */ = {isa = PBXBuildFile; fileRef = 4F80F5F1287675F700B93E31 /* ProfileViewController.m */; };
		4F80F5F528768EDF00B93E31 /* FacebookLogin in Frameworks */ = {isa = PBXBuildFile; productRef = 4F80F5F428768EDF00B93E31 /* FacebookLogin */; };
		4F80F601287895C500B93E31 /* SearchViewController.m in Sources */ = {isa = PBXBuildFile; fileRef = 4F80F600287895C500B93E31 /* SearchViewController.m */; };
		4F80F6052878981200B93E31 /* Book.m in Sources */ = {isa = PBXBuildFile; fileRef = 4F80F6042878981200B93E31 /* Book.m */; };
		4F80F60A28789E6100B93E31 /* BookCell.m in Sources */ = {isa = PBXBuildFile; fileRef = 4F80F60928789E6100B93E31 /* BookCell.m */; };
		4F87DF0A28872B2C00CC74BA /* OtherProfileViewController.m in Sources */ = {isa = PBXBuildFile; fileRef = 4F87DF0928872B2C00CC74BA /* OtherProfileViewController.m */; };
		4F87DF0D28874DA000CC74BA /* CommentDetailsViewController.m in Sources */ = {isa = PBXBuildFile; fileRef = 4F87DF0C28874DA000CC74BA /* CommentDetailsViewController.m */; };
		4F87DF13288874AB00CC74BA /* ChatCell.m in Sources */ = {isa = PBXBuildFile; fileRef = 4F87DF12288874AB00CC74BA /* ChatCell.m */; };
		4F87DF162888781900CC74BA /* IndividualChatViewController.m in Sources */ = {isa = PBXBuildFile; fileRef = 4F87DF152888781900CC74BA /* IndividualChatViewController.m */; };
		4F87DF192888A17900CC74BA /* InnerChatCell.m in Sources */ = {isa = PBXBuildFile; fileRef = 4F87DF182888A17900CC74BA /* InnerChatCell.m */; };
		4F87DF1C2889CAB000CC74BA /* Chat.m in Sources */ = {isa = PBXBuildFile; fileRef = 4F87DF1B2889CAB000CC74BA /* Chat.m */; };
		4F87DF1F2889E4E600CC74BA /* Conversation.m in Sources */ = {isa = PBXBuildFile; fileRef = 4F87DF1E2889E4E600CC74BA /* Conversation.m */; };
		4F87DF22288B10E400CC74BA /* OuterChatCell.m in Sources */ = {isa = PBXBuildFile; fileRef = 4F87DF21288B10E400CC74BA /* OuterChatCell.m */; };
		4FC276572878CD2800ED3ACA /* GenreCell.m in Sources */ = {isa = PBXBuildFile; fileRef = 4FC276562878CD2800ED3ACA /* GenreCell.m */; };
		4FC2765A2878E58900ED3ACA /* RecommendationsDetailViewController.m in Sources */ = {isa = PBXBuildFile; fileRef = 4FC276592878E58900ED3ACA /* RecommendationsDetailViewController.m */; };
		4FC27660287C9E3500ED3ACA /* GoogleBook.m in Sources */ = {isa = PBXBuildFile; fileRef = 4FC2765F287C9E3500ED3ACA /* GoogleBook.m */; };
		4FC27662287DD82400ED3ACA /* Keys.plist in Resources */ = {isa = PBXBuildFile; fileRef = 4FC27661287DD82400ED3ACA /* Keys.plist */; };
		4FC27668287DE64A00ED3ACA /* SearchDetailsViewController.m in Sources */ = {isa = PBXBuildFile; fileRef = 4FC27667287DE64A00ED3ACA /* SearchDetailsViewController.m */; };
		6C194A797230C582E171B5D3 /* Pods_BookWorm.framework in Frameworks */ = {isa = PBXBuildFile; fileRef = 52848B3014FC79971D2C5425 /* Pods_BookWorm.framework */; };
		AA30A573E4FF0EEFE9EAE08A /* Pods_BookWorm_BookWormUITests.framework in Frameworks */ = {isa = PBXBuildFile; fileRef = 25E6B1B3D109AEA0F30C266B /* Pods_BookWorm_BookWormUITests.framework */; };
		B7787CF0E0C4083DDA8C0BAD /* Pods_BookWormTests.framework in Frameworks */ = {isa = PBXBuildFile; fileRef = 87B6135B0CCB78300E2A39B9 /* Pods_BookWormTests.framework */; };
/* End PBXBuildFile section */

/* Begin PBXContainerItemProxy section */
		4F80F5BE2876730600B93E31 /* PBXContainerItemProxy */ = {
			isa = PBXContainerItemProxy;
			containerPortal = 4F80F59A2876730500B93E31 /* Project object */;
			proxyType = 1;
			remoteGlobalIDString = 4F80F5A12876730500B93E31;
			remoteInfo = BookWorm;
		};
		4F80F5C82876730600B93E31 /* PBXContainerItemProxy */ = {
			isa = PBXContainerItemProxy;
			containerPortal = 4F80F59A2876730500B93E31 /* Project object */;
			proxyType = 1;
			remoteGlobalIDString = 4F80F5A12876730500B93E31;
			remoteInfo = BookWorm;
		};
/* End PBXContainerItemProxy section */

/* Begin PBXFileReference section */
		25E6B1B3D109AEA0F30C266B /* Pods_BookWorm_BookWormUITests.framework */ = {isa = PBXFileReference; explicitFileType = wrapper.framework; includeInIndex = 0; path = Pods_BookWorm_BookWormUITests.framework; sourceTree = BUILT_PRODUCTS_DIR; };
		3DE3E9FB85F82FFDD3C2C059 /* Pods-BookWorm.debug.xcconfig */ = {isa = PBXFileReference; includeInIndex = 1; lastKnownFileType = text.xcconfig; name = "Pods-BookWorm.debug.xcconfig"; path = "Target Support Files/Pods-BookWorm/Pods-BookWorm.debug.xcconfig"; sourceTree = "<group>"; };
		3F1E7F284A00C4C5A74D16F1 /* Pods-BookWorm.release.xcconfig */ = {isa = PBXFileReference; includeInIndex = 1; lastKnownFileType = text.xcconfig; name = "Pods-BookWorm.release.xcconfig"; path = "Target Support Files/Pods-BookWorm/Pods-BookWorm.release.xcconfig"; sourceTree = "<group>"; };
		4F2FFBCE2885DBA200F766AC /* CommentCell.h */ = {isa = PBXFileReference; lastKnownFileType = sourcecode.c.h; path = CommentCell.h; sourceTree = "<group>"; };
		4F2FFBCF2885DBA200F766AC /* CommentCell.m */ = {isa = PBXFileReference; lastKnownFileType = sourcecode.c.objc; path = CommentCell.m; sourceTree = "<group>"; };
		4F2FFBD42885F69400F766AC /* Comment.h */ = {isa = PBXFileReference; lastKnownFileType = sourcecode.c.h; path = Comment.h; sourceTree = "<group>"; };
		4F2FFBD52885F69400F766AC /* Comment.m */ = {isa = PBXFileReference; lastKnownFileType = sourcecode.c.objc; path = Comment.m; sourceTree = "<group>"; };
		4F2FFBD72885F90300F766AC /* ComposeViewController.h */ = {isa = PBXFileReference; lastKnownFileType = sourcecode.c.h; path = ComposeViewController.h; sourceTree = "<group>"; };
		4F2FFBD82885F90300F766AC /* ComposeViewController.m */ = {isa = PBXFileReference; lastKnownFileType = sourcecode.c.objc; path = ComposeViewController.m; sourceTree = "<group>"; };
		4F80F5A22876730500B93E31 /* BookWorm.app */ = {isa = PBXFileReference; explicitFileType = wrapper.application; includeInIndex = 0; path = BookWorm.app; sourceTree = BUILT_PRODUCTS_DIR; };
		4F80F5A52876730500B93E31 /* AppDelegate.h */ = {isa = PBXFileReference; lastKnownFileType = sourcecode.c.h; path = AppDelegate.h; sourceTree = "<group>"; };
		4F80F5A62876730500B93E31 /* AppDelegate.m */ = {isa = PBXFileReference; lastKnownFileType = sourcecode.c.objc; path = AppDelegate.m; sourceTree = "<group>"; };
		4F80F5A82876730500B93E31 /* SceneDelegate.h */ = {isa = PBXFileReference; lastKnownFileType = sourcecode.c.h; path = SceneDelegate.h; sourceTree = "<group>"; };
		4F80F5A92876730500B93E31 /* SceneDelegate.m */ = {isa = PBXFileReference; lastKnownFileType = sourcecode.c.objc; path = SceneDelegate.m; sourceTree = "<group>"; };
		4F80F5AF2876730500B93E31 /* Base */ = {isa = PBXFileReference; lastKnownFileType = file.storyboard; name = Base; path = Base.lproj/Main.storyboard; sourceTree = "<group>"; };
		4F80F5B12876730500B93E31 /* Assets.xcassets */ = {isa = PBXFileReference; lastKnownFileType = folder.assetcatalog; path = Assets.xcassets; sourceTree = "<group>"; };
		4F80F5B42876730500B93E31 /* Base */ = {isa = PBXFileReference; lastKnownFileType = file.storyboard; name = Base; path = Base.lproj/LaunchScreen.storyboard; sourceTree = "<group>"; };
		4F80F5B62876730500B93E31 /* Info.plist */ = {isa = PBXFileReference; lastKnownFileType = text.plist.xml; path = Info.plist; sourceTree = "<group>"; };
		4F80F5B72876730500B93E31 /* main.m */ = {isa = PBXFileReference; lastKnownFileType = sourcecode.c.objc; path = main.m; sourceTree = "<group>"; };
		4F80F5BD2876730600B93E31 /* BookWormTests.xctest */ = {isa = PBXFileReference; explicitFileType = wrapper.cfbundle; includeInIndex = 0; path = BookWormTests.xctest; sourceTree = BUILT_PRODUCTS_DIR; };
		4F80F5C12876730600B93E31 /* BookWormTests.m */ = {isa = PBXFileReference; lastKnownFileType = sourcecode.c.objc; path = BookWormTests.m; sourceTree = "<group>"; };
		4F80F5C72876730600B93E31 /* BookWormUITests.xctest */ = {isa = PBXFileReference; explicitFileType = wrapper.cfbundle; includeInIndex = 0; path = BookWormUITests.xctest; sourceTree = BUILT_PRODUCTS_DIR; };
		4F80F5CB2876730600B93E31 /* BookWormUITests.m */ = {isa = PBXFileReference; lastKnownFileType = sourcecode.c.objc; path = BookWormUITests.m; sourceTree = "<group>"; };
		4F80F5CD2876730600B93E31 /* BookWormUITestsLaunchTests.m */ = {isa = PBXFileReference; lastKnownFileType = sourcecode.c.objc; path = BookWormUITestsLaunchTests.m; sourceTree = "<group>"; };
		4F80F5DA287674D300B93E31 /* FirstViewController.h */ = {isa = PBXFileReference; lastKnownFileType = sourcecode.c.h; path = FirstViewController.h; sourceTree = "<group>"; };
		4F80F5DB287674D300B93E31 /* FirstViewController.m */ = {isa = PBXFileReference; lastKnownFileType = sourcecode.c.objc; path = FirstViewController.m; sourceTree = "<group>"; };
		4F80F5DE2876751700B93E31 /* LoginViewController.h */ = {isa = PBXFileReference; lastKnownFileType = sourcecode.c.h; path = LoginViewController.h; sourceTree = "<group>"; };
		4F80F5DF2876751700B93E31 /* LoginViewController.m */ = {isa = PBXFileReference; lastKnownFileType = sourcecode.c.objc; path = LoginViewController.m; sourceTree = "<group>"; };
		4F80F5E12876752800B93E31 /* SignUpViewController.h */ = {isa = PBXFileReference; lastKnownFileType = sourcecode.c.h; path = SignUpViewController.h; sourceTree = "<group>"; };
		4F80F5E22876752800B93E31 /* SignUpViewController.m */ = {isa = PBXFileReference; lastKnownFileType = sourcecode.c.objc; path = SignUpViewController.m; sourceTree = "<group>"; };
		4F80F5E42876758B00B93E31 /* GenrePickerViewController.h */ = {isa = PBXFileReference; lastKnownFileType = sourcecode.c.h; path = GenrePickerViewController.h; sourceTree = "<group>"; };
		4F80F5E52876758B00B93E31 /* GenrePickerViewController.m */ = {isa = PBXFileReference; lastKnownFileType = sourcecode.c.objc; path = GenrePickerViewController.m; sourceTree = "<group>"; };
		4F80F5E7287675C000B93E31 /* RecommendationsViewController.h */ = {isa = PBXFileReference; lastKnownFileType = sourcecode.c.h; path = RecommendationsViewController.h; sourceTree = "<group>"; };
		4F80F5E8287675C000B93E31 /* RecommendationsViewController.m */ = {isa = PBXFileReference; lastKnownFileType = sourcecode.c.objc; path = RecommendationsViewController.m; sourceTree = "<group>"; };
		4F80F5EA287675D600B93E31 /* MyBooksViewController.h */ = {isa = PBXFileReference; lastKnownFileType = sourcecode.c.h; path = MyBooksViewController.h; sourceTree = "<group>"; };
		4F80F5EB287675D600B93E31 /* MyBooksViewController.m */ = {isa = PBXFileReference; lastKnownFileType = sourcecode.c.objc; path = MyBooksViewController.m; sourceTree = "<group>"; };
		4F80F5ED287675E800B93E31 /* BookTalkViewController.h */ = {isa = PBXFileReference; lastKnownFileType = sourcecode.c.h; path = BookTalkViewController.h; sourceTree = "<group>"; };
		4F80F5EE287675E800B93E31 /* BookTalkViewController.m */ = {isa = PBXFileReference; lastKnownFileType = sourcecode.c.objc; path = BookTalkViewController.m; sourceTree = "<group>"; };
		4F80F5F0287675F700B93E31 /* ProfileViewController.h */ = {isa = PBXFileReference; lastKnownFileType = sourcecode.c.h; path = ProfileViewController.h; sourceTree = "<group>"; };
		4F80F5F1287675F700B93E31 /* ProfileViewController.m */ = {isa = PBXFileReference; lastKnownFileType = sourcecode.c.objc; path = ProfileViewController.m; sourceTree = "<group>"; };
		4F80F5F6287696A400B93E31 /* BookWorm.entitlements */ = {isa = PBXFileReference; lastKnownFileType = text.plist.entitlements; path = BookWorm.entitlements; sourceTree = "<group>"; };
		4F80F5FF287895C500B93E31 /* SearchViewController.h */ = {isa = PBXFileReference; lastKnownFileType = sourcecode.c.h; path = SearchViewController.h; sourceTree = "<group>"; };
		4F80F600287895C500B93E31 /* SearchViewController.m */ = {isa = PBXFileReference; lastKnownFileType = sourcecode.c.objc; path = SearchViewController.m; sourceTree = "<group>"; };
		4F80F6042878981200B93E31 /* Book.m */ = {isa = PBXFileReference; lastKnownFileType = sourcecode.c.objc; path = Book.m; sourceTree = "<group>"; };
		4F80F6062878982300B93E31 /* Book.h */ = {isa = PBXFileReference; lastKnownFileType = sourcecode.c.h; path = Book.h; sourceTree = "<group>"; };
		4F80F60828789E6100B93E31 /* BookCell.h */ = {isa = PBXFileReference; lastKnownFileType = sourcecode.c.h; path = BookCell.h; sourceTree = "<group>"; };
		4F80F60928789E6100B93E31 /* BookCell.m */ = {isa = PBXFileReference; lastKnownFileType = sourcecode.c.objc; path = BookCell.m; sourceTree = "<group>"; };
		4F87DF0828872B2C00CC74BA /* OtherProfileViewController.h */ = {isa = PBXFileReference; lastKnownFileType = sourcecode.c.h; path = OtherProfileViewController.h; sourceTree = "<group>"; };
		4F87DF0928872B2C00CC74BA /* OtherProfileViewController.m */ = {isa = PBXFileReference; lastKnownFileType = sourcecode.c.objc; path = OtherProfileViewController.m; sourceTree = "<group>"; };
		4F87DF0B28874DA000CC74BA /* CommentDetailsViewController.h */ = {isa = PBXFileReference; lastKnownFileType = sourcecode.c.h; path = CommentDetailsViewController.h; sourceTree = "<group>"; };
		4F87DF0C28874DA000CC74BA /* CommentDetailsViewController.m */ = {isa = PBXFileReference; lastKnownFileType = sourcecode.c.objc; path = CommentDetailsViewController.m; sourceTree = "<group>"; };
		4F87DF11288874AB00CC74BA /* ChatCell.h */ = {isa = PBXFileReference; lastKnownFileType = sourcecode.c.h; path = ChatCell.h; sourceTree = "<group>"; };
		4F87DF12288874AB00CC74BA /* ChatCell.m */ = {isa = PBXFileReference; lastKnownFileType = sourcecode.c.objc; path = ChatCell.m; sourceTree = "<group>"; };
		4F87DF142888781900CC74BA /* IndividualChatViewController.h */ = {isa = PBXFileReference; lastKnownFileType = sourcecode.c.h; path = IndividualChatViewController.h; sourceTree = "<group>"; };
		4F87DF152888781900CC74BA /* IndividualChatViewController.m */ = {isa = PBXFileReference; lastKnownFileType = sourcecode.c.objc; path = IndividualChatViewController.m; sourceTree = "<group>"; };
		4F87DF172888A17900CC74BA /* InnerChatCell.h */ = {isa = PBXFileReference; lastKnownFileType = sourcecode.c.h; path = InnerChatCell.h; sourceTree = "<group>"; };
		4F87DF182888A17900CC74BA /* InnerChatCell.m */ = {isa = PBXFileReference; lastKnownFileType = sourcecode.c.objc; path = InnerChatCell.m; sourceTree = "<group>"; };
		4F87DF1A2889CAB000CC74BA /* Chat.h */ = {isa = PBXFileReference; lastKnownFileType = sourcecode.c.h; path = Chat.h; sourceTree = "<group>"; };
		4F87DF1B2889CAB000CC74BA /* Chat.m */ = {isa = PBXFileReference; lastKnownFileType = sourcecode.c.objc; path = Chat.m; sourceTree = "<group>"; };
		4F87DF1D2889E4E600CC74BA /* Conversation.h */ = {isa = PBXFileReference; lastKnownFileType = sourcecode.c.h; path = Conversation.h; sourceTree = "<group>"; };
		4F87DF1E2889E4E600CC74BA /* Conversation.m */ = {isa = PBXFileReference; lastKnownFileType = sourcecode.c.objc; path = Conversation.m; sourceTree = "<group>"; };
		4F87DF20288B10E400CC74BA /* OuterChatCell.h */ = {isa = PBXFileReference; lastKnownFileType = sourcecode.c.h; path = OuterChatCell.h; sourceTree = "<group>"; };
		4F87DF21288B10E400CC74BA /* OuterChatCell.m */ = {isa = PBXFileReference; lastKnownFileType = sourcecode.c.objc; path = OuterChatCell.m; sourceTree = "<group>"; };
		4FC276552878CD2800ED3ACA /* GenreCell.h */ = {isa = PBXFileReference; lastKnownFileType = sourcecode.c.h; path = GenreCell.h; sourceTree = "<group>"; };
		4FC276562878CD2800ED3ACA /* GenreCell.m */ = {isa = PBXFileReference; lastKnownFileType = sourcecode.c.objc; path = GenreCell.m; sourceTree = "<group>"; };
		4FC276582878E58900ED3ACA /* RecommendationsDetailViewController.h */ = {isa = PBXFileReference; lastKnownFileType = sourcecode.c.h; path = RecommendationsDetailViewController.h; sourceTree = "<group>"; };
		4FC276592878E58900ED3ACA /* RecommendationsDetailViewController.m */ = {isa = PBXFileReference; lastKnownFileType = sourcecode.c.objc; path = RecommendationsDetailViewController.m; sourceTree = "<group>"; };
		4FC2765E287C9E3500ED3ACA /* GoogleBook.h */ = {isa = PBXFileReference; lastKnownFileType = sourcecode.c.h; path = GoogleBook.h; sourceTree = "<group>"; };
		4FC2765F287C9E3500ED3ACA /* GoogleBook.m */ = {isa = PBXFileReference; lastKnownFileType = sourcecode.c.objc; path = GoogleBook.m; sourceTree = "<group>"; };
		4FC27661287DD82400ED3ACA /* Keys.plist */ = {isa = PBXFileReference; lastKnownFileType = text.plist.xml; path = Keys.plist; sourceTree = "<group>"; };
		4FC27666287DE64A00ED3ACA /* SearchDetailsViewController.h */ = {isa = PBXFileReference; lastKnownFileType = sourcecode.c.h; path = SearchDetailsViewController.h; sourceTree = "<group>"; };
		4FC27667287DE64A00ED3ACA /* SearchDetailsViewController.m */ = {isa = PBXFileReference; lastKnownFileType = sourcecode.c.objc; path = SearchDetailsViewController.m; sourceTree = "<group>"; };
		52848B3014FC79971D2C5425 /* Pods_BookWorm.framework */ = {isa = PBXFileReference; explicitFileType = wrapper.framework; includeInIndex = 0; path = Pods_BookWorm.framework; sourceTree = BUILT_PRODUCTS_DIR; };
		852401C44F12B736CF67DA6D /* Pods-BookWormTests.debug.xcconfig */ = {isa = PBXFileReference; includeInIndex = 1; lastKnownFileType = text.xcconfig; name = "Pods-BookWormTests.debug.xcconfig"; path = "Target Support Files/Pods-BookWormTests/Pods-BookWormTests.debug.xcconfig"; sourceTree = "<group>"; };
		87B6135B0CCB78300E2A39B9 /* Pods_BookWormTests.framework */ = {isa = PBXFileReference; explicitFileType = wrapper.framework; includeInIndex = 0; path = Pods_BookWormTests.framework; sourceTree = BUILT_PRODUCTS_DIR; };
		9D4331481710718B70D4FD1C /* Pods-BookWorm-BookWormUITests.debug.xcconfig */ = {isa = PBXFileReference; includeInIndex = 1; lastKnownFileType = text.xcconfig; name = "Pods-BookWorm-BookWormUITests.debug.xcconfig"; path = "Target Support Files/Pods-BookWorm-BookWormUITests/Pods-BookWorm-BookWormUITests.debug.xcconfig"; sourceTree = "<group>"; };
		A728864D74B46C577C789F32 /* Pods-BookWormTests.release.xcconfig */ = {isa = PBXFileReference; includeInIndex = 1; lastKnownFileType = text.xcconfig; name = "Pods-BookWormTests.release.xcconfig"; path = "Target Support Files/Pods-BookWormTests/Pods-BookWormTests.release.xcconfig"; sourceTree = "<group>"; };
		BC433AB0B67EC44E11C26FC0 /* Pods-BookWorm-BookWormUITests.release.xcconfig */ = {isa = PBXFileReference; includeInIndex = 1; lastKnownFileType = text.xcconfig; name = "Pods-BookWorm-BookWormUITests.release.xcconfig"; path = "Target Support Files/Pods-BookWorm-BookWormUITests/Pods-BookWorm-BookWormUITests.release.xcconfig"; sourceTree = "<group>"; };
/* End PBXFileReference section */

/* Begin PBXFrameworksBuildPhase section */
		4F80F59F2876730500B93E31 /* Frameworks */ = {
			isa = PBXFrameworksBuildPhase;
			buildActionMask = 2147483647;
			files = (
				4F80F5F528768EDF00B93E31 /* FacebookLogin in Frameworks */,
				6C194A797230C582E171B5D3 /* Pods_BookWorm.framework in Frameworks */,
			);
			runOnlyForDeploymentPostprocessing = 0;
		};
		4F80F5BA2876730600B93E31 /* Frameworks */ = {
			isa = PBXFrameworksBuildPhase;
			buildActionMask = 2147483647;
			files = (
				B7787CF0E0C4083DDA8C0BAD /* Pods_BookWormTests.framework in Frameworks */,
			);
			runOnlyForDeploymentPostprocessing = 0;
		};
		4F80F5C42876730600B93E31 /* Frameworks */ = {
			isa = PBXFrameworksBuildPhase;
			buildActionMask = 2147483647;
			files = (
				AA30A573E4FF0EEFE9EAE08A /* Pods_BookWorm_BookWormUITests.framework in Frameworks */,
			);
			runOnlyForDeploymentPostprocessing = 0;
		};
/* End PBXFrameworksBuildPhase section */

/* Begin PBXGroup section */
		4BFCC79D4F455B4875095FE9 /* Frameworks */ = {
			isa = PBXGroup;
			children = (
				52848B3014FC79971D2C5425 /* Pods_BookWorm.framework */,
				25E6B1B3D109AEA0F30C266B /* Pods_BookWorm_BookWormUITests.framework */,
				87B6135B0CCB78300E2A39B9 /* Pods_BookWormTests.framework */,
			);
			name = Frameworks;
			sourceTree = "<group>";
		};
		4F80F5992876730500B93E31 = {
			isa = PBXGroup;
			children = (
				4F80F5A42876730500B93E31 /* BookWorm */,
				4F80F5C02876730600B93E31 /* BookWormTests */,
				4F80F5CA2876730600B93E31 /* BookWormUITests */,
				4F80F5A32876730500B93E31 /* Products */,
				B8E2D9372452FD074C16E9BF /* Pods */,
				4BFCC79D4F455B4875095FE9 /* Frameworks */,
			);
			sourceTree = "<group>";
		};
		4F80F5A32876730500B93E31 /* Products */ = {
			isa = PBXGroup;
			children = (
				4F80F5A22876730500B93E31 /* BookWorm.app */,
				4F80F5BD2876730600B93E31 /* BookWormTests.xctest */,
				4F80F5C72876730600B93E31 /* BookWormUITests.xctest */,
			);
			name = Products;
			sourceTree = "<group>";
		};
		4F80F5A42876730500B93E31 /* BookWorm */ = {
			isa = PBXGroup;
			children = (
				4F80F5F6287696A400B93E31 /* BookWorm.entitlements */,
				4F80F5A52876730500B93E31 /* AppDelegate.h */,
				4F80F5A62876730500B93E31 /* AppDelegate.m */,
				4F80F5A82876730500B93E31 /* SceneDelegate.h */,
				4F80F5A92876730500B93E31 /* SceneDelegate.m */,
				4F87DF102888744D00CC74BA /* TableViewCells */,
				4F80F5DD287674DB00B93E31 /* View Controllers */,
				4F87DF0E28886B2700CC74BA /* Views */,
				4F80F5B62876730500B93E31 /* Info.plist */,
				4FC27661287DD82400ED3ACA /* Keys.plist */,
				4F80F5B72876730500B93E31 /* main.m */,
				4F80F6072878982900B93E31 /* Models */,
			);
			path = BookWorm;
			sourceTree = "<group>";
		};
		4F80F5C02876730600B93E31 /* BookWormTests */ = {
			isa = PBXGroup;
			children = (
				4F80F5C12876730600B93E31 /* BookWormTests.m */,
			);
			path = BookWormTests;
			sourceTree = "<group>";
		};
		4F80F5CA2876730600B93E31 /* BookWormUITests */ = {
			isa = PBXGroup;
			children = (
				4F80F5CB2876730600B93E31 /* BookWormUITests.m */,
				4F80F5CD2876730600B93E31 /* BookWormUITestsLaunchTests.m */,
			);
			path = BookWormUITests;
			sourceTree = "<group>";
		};
		4F80F5DD287674DB00B93E31 /* View Controllers */ = {
			isa = PBXGroup;
			children = (
				4F80F5DA287674D300B93E31 /* FirstViewController.h */,
				4F80F5DB287674D300B93E31 /* FirstViewController.m */,
				4F80F5DE2876751700B93E31 /* LoginViewController.h */,
				4F80F5DF2876751700B93E31 /* LoginViewController.m */,
				4F80F5E12876752800B93E31 /* SignUpViewController.h */,
				4F80F5E22876752800B93E31 /* SignUpViewController.m */,
				4F80F5E42876758B00B93E31 /* GenrePickerViewController.h */,
				4F80F5E52876758B00B93E31 /* GenrePickerViewController.m */,
				4F80F5E7287675C000B93E31 /* RecommendationsViewController.h */,
				4F80F5E8287675C000B93E31 /* RecommendationsViewController.m */,
				4F80F5EA287675D600B93E31 /* MyBooksViewController.h */,
				4F80F5EB287675D600B93E31 /* MyBooksViewController.m */,
				4F80F5ED287675E800B93E31 /* BookTalkViewController.h */,
				4F80F5EE287675E800B93E31 /* BookTalkViewController.m */,
				4F80F5F0287675F700B93E31 /* ProfileViewController.h */,
				4F80F5F1287675F700B93E31 /* ProfileViewController.m */,
				4F80F5FF287895C500B93E31 /* SearchViewController.h */,
				4F80F600287895C500B93E31 /* SearchViewController.m */,
				4FC276582878E58900ED3ACA /* RecommendationsDetailViewController.h */,
				4FC276592878E58900ED3ACA /* RecommendationsDetailViewController.m */,
				4FC27666287DE64A00ED3ACA /* SearchDetailsViewController.h */,
				4FC27667287DE64A00ED3ACA /* SearchDetailsViewController.m */,
				4F2FFBD72885F90300F766AC /* ComposeViewController.h */,
				4F2FFBD82885F90300F766AC /* ComposeViewController.m */,
				4F87DF0828872B2C00CC74BA /* OtherProfileViewController.h */,
				4F87DF0928872B2C00CC74BA /* OtherProfileViewController.m */,
				4F87DF0B28874DA000CC74BA /* CommentDetailsViewController.h */,
				4F87DF0C28874DA000CC74BA /* CommentDetailsViewController.m */,
				4F87DF142888781900CC74BA /* IndividualChatViewController.h */,
				4F87DF152888781900CC74BA /* IndividualChatViewController.m */,
			);
			path = "View Controllers";
			sourceTree = "<group>";
		};
		4F80F6072878982900B93E31 /* Models */ = {
			isa = PBXGroup;
			children = (
				4F80F6042878981200B93E31 /* Book.m */,
				4F80F6062878982300B93E31 /* Book.h */,
				4FC2765E287C9E3500ED3ACA /* GoogleBook.h */,
				4FC2765F287C9E3500ED3ACA /* GoogleBook.m */,
				4F2FFBD42885F69400F766AC /* Comment.h */,
				4F2FFBD52885F69400F766AC /* Comment.m */,
				4F87DF1A2889CAB000CC74BA /* Chat.h */,
				4F87DF1B2889CAB000CC74BA /* Chat.m */,
				4F87DF1D2889E4E600CC74BA /* Conversation.h */,
				4F87DF1E2889E4E600CC74BA /* Conversation.m */,
			);
			path = Models;
			sourceTree = "<group>";
		};
		4F87DF0E28886B2700CC74BA /* Views */ = {
			isa = PBXGroup;
			children = (
				4F80F5B12876730500B93E31 /* Assets.xcassets */,
				4F87DF0F28886B4500CC74BA /* Storyboards */,
			);
			path = Views;
			sourceTree = "<group>";
		};
		4F87DF0F28886B4500CC74BA /* Storyboards */ = {
			isa = PBXGroup;
			children = (
				4F80F5AE2876730500B93E31 /* Main.storyboard */,
				4F80F5B32876730500B93E31 /* LaunchScreen.storyboard */,
			);
			path = Storyboards;
			sourceTree = "<group>";
		};
		4F87DF102888744D00CC74BA /* TableViewCells */ = {
			isa = PBXGroup;
			children = (
				4F80F60828789E6100B93E31 /* BookCell.h */,
				4FC276552878CD2800ED3ACA /* GenreCell.h */,
				4FC276562878CD2800ED3ACA /* GenreCell.m */,
				4F80F60928789E6100B93E31 /* BookCell.m */,
				4F87DF12288874AB00CC74BA /* ChatCell.m */,
				4F87DF11288874AB00CC74BA /* ChatCell.h */,
				4F2FFBCE2885DBA200F766AC /* CommentCell.h */,
				4F2FFBCF2885DBA200F766AC /* CommentCell.m */,
				4F87DF20288B10E400CC74BA /* OuterChatCell.h */,
				4F87DF21288B10E400CC74BA /* OuterChatCell.m */,
				4F87DF172888A17900CC74BA /* InnerChatCell.h */,
				4F87DF182888A17900CC74BA /* InnerChatCell.m */,
			);
			path = TableViewCells;
			sourceTree = "<group>";
		};
		B8E2D9372452FD074C16E9BF /* Pods */ = {
			isa = PBXGroup;
			children = (
				3DE3E9FB85F82FFDD3C2C059 /* Pods-BookWorm.debug.xcconfig */,
				3F1E7F284A00C4C5A74D16F1 /* Pods-BookWorm.release.xcconfig */,
				9D4331481710718B70D4FD1C /* Pods-BookWorm-BookWormUITests.debug.xcconfig */,
				BC433AB0B67EC44E11C26FC0 /* Pods-BookWorm-BookWormUITests.release.xcconfig */,
				852401C44F12B736CF67DA6D /* Pods-BookWormTests.debug.xcconfig */,
				A728864D74B46C577C789F32 /* Pods-BookWormTests.release.xcconfig */,
			);
			path = Pods;
			sourceTree = "<group>";
		};
/* End PBXGroup section */

/* Begin PBXNativeTarget section */
		4F80F5A12876730500B93E31 /* BookWorm */ = {
			isa = PBXNativeTarget;
			buildConfigurationList = 4F80F5D12876730600B93E31 /* Build configuration list for PBXNativeTarget "BookWorm" */;
			buildPhases = (
				533D730C67FB48AB49E35D73 /* [CP] Check Pods Manifest.lock */,
				4F80F59E2876730500B93E31 /* Sources */,
				4F80F59F2876730500B93E31 /* Frameworks */,
				4F80F5A02876730500B93E31 /* Resources */,
				84A0DAA27D3823E4E880610E /* [CP] Embed Pods Frameworks */,
			);
			buildRules = (
			);
			dependencies = (
			);
			name = BookWorm;
			packageProductDependencies = (
				4F80F5F428768EDF00B93E31 /* FacebookLogin */,
			);
			productName = BookWorm;
			productReference = 4F80F5A22876730500B93E31 /* BookWorm.app */;
			productType = "com.apple.product-type.application";
		};
		4F80F5BC2876730600B93E31 /* BookWormTests */ = {
			isa = PBXNativeTarget;
			buildConfigurationList = 4F80F5D42876730600B93E31 /* Build configuration list for PBXNativeTarget "BookWormTests" */;
			buildPhases = (
				753284AB26FB6A8C4FD0E90D /* [CP] Check Pods Manifest.lock */,
				4F80F5B92876730600B93E31 /* Sources */,
				4F80F5BA2876730600B93E31 /* Frameworks */,
				4F80F5BB2876730600B93E31 /* Resources */,
			);
			buildRules = (
			);
			dependencies = (
				4F80F5BF2876730600B93E31 /* PBXTargetDependency */,
			);
			name = BookWormTests;
			productName = BookWormTests;
			productReference = 4F80F5BD2876730600B93E31 /* BookWormTests.xctest */;
			productType = "com.apple.product-type.bundle.unit-test";
		};
		4F80F5C62876730600B93E31 /* BookWormUITests */ = {
			isa = PBXNativeTarget;
			buildConfigurationList = 4F80F5D72876730600B93E31 /* Build configuration list for PBXNativeTarget "BookWormUITests" */;
			buildPhases = (
				86E405F878C9E186719A7462 /* [CP] Check Pods Manifest.lock */,
				4F80F5C32876730600B93E31 /* Sources */,
				4F80F5C42876730600B93E31 /* Frameworks */,
				4F80F5C52876730600B93E31 /* Resources */,
				3EF3B14BEB4F5BB5CFA91866 /* [CP] Embed Pods Frameworks */,
			);
			buildRules = (
			);
			dependencies = (
				4F80F5C92876730600B93E31 /* PBXTargetDependency */,
			);
			name = BookWormUITests;
			productName = BookWormUITests;
			productReference = 4F80F5C72876730600B93E31 /* BookWormUITests.xctest */;
			productType = "com.apple.product-type.bundle.ui-testing";
		};
/* End PBXNativeTarget section */

/* Begin PBXProject section */
		4F80F59A2876730500B93E31 /* Project object */ = {
			isa = PBXProject;
			attributes = {
				BuildIndependentTargetsInParallel = 1;
				LastUpgradeCheck = 1340;
				TargetAttributes = {
					4F80F5A12876730500B93E31 = {
						CreatedOnToolsVersion = 13.4;
					};
					4F80F5BC2876730600B93E31 = {
						CreatedOnToolsVersion = 13.4;
						TestTargetID = 4F80F5A12876730500B93E31;
					};
					4F80F5C62876730600B93E31 = {
						CreatedOnToolsVersion = 13.4;
						TestTargetID = 4F80F5A12876730500B93E31;
					};
				};
			};
			buildConfigurationList = 4F80F59D2876730500B93E31 /* Build configuration list for PBXProject "BookWorm" */;
			compatibilityVersion = "Xcode 13.0";
			developmentRegion = en;
			hasScannedForEncodings = 0;
			knownRegions = (
				en,
				Base,
			);
			mainGroup = 4F80F5992876730500B93E31;
			packageReferences = (
				4F80F5F328768EDF00B93E31 /* XCRemoteSwiftPackageReference "facebook-ios-sdk" */,
			);
			productRefGroup = 4F80F5A32876730500B93E31 /* Products */;
			projectDirPath = "";
			projectRoot = "";
			targets = (
				4F80F5A12876730500B93E31 /* BookWorm */,
				4F80F5BC2876730600B93E31 /* BookWormTests */,
				4F80F5C62876730600B93E31 /* BookWormUITests */,
			);
		};
/* End PBXProject section */

/* Begin PBXResourcesBuildPhase section */
		4F80F5A02876730500B93E31 /* Resources */ = {
			isa = PBXResourcesBuildPhase;
			buildActionMask = 2147483647;
			files = (
				4FC27662287DD82400ED3ACA /* Keys.plist in Resources */,
				4F80F5B52876730500B93E31 /* LaunchScreen.storyboard in Resources */,
				4F80F5B22876730500B93E31 /* Assets.xcassets in Resources */,
				4F80F5B02876730500B93E31 /* Main.storyboard in Resources */,
			);
			runOnlyForDeploymentPostprocessing = 0;
		};
		4F80F5BB2876730600B93E31 /* Resources */ = {
			isa = PBXResourcesBuildPhase;
			buildActionMask = 2147483647;
			files = (
			);
			runOnlyForDeploymentPostprocessing = 0;
		};
		4F80F5C52876730600B93E31 /* Resources */ = {
			isa = PBXResourcesBuildPhase;
			buildActionMask = 2147483647;
			files = (
			);
			runOnlyForDeploymentPostprocessing = 0;
		};
/* End PBXResourcesBuildPhase section */

/* Begin PBXShellScriptBuildPhase section */
		3EF3B14BEB4F5BB5CFA91866 /* [CP] Embed Pods Frameworks */ = {
			isa = PBXShellScriptBuildPhase;
			buildActionMask = 2147483647;
			files = (
			);
			inputFileListPaths = (
				"${PODS_ROOT}/Target Support Files/Pods-BookWorm-BookWormUITests/Pods-BookWorm-BookWormUITests-frameworks-${CONFIGURATION}-input-files.xcfilelist",
			);
			name = "[CP] Embed Pods Frameworks";
			outputFileListPaths = (
				"${PODS_ROOT}/Target Support Files/Pods-BookWorm-BookWormUITests/Pods-BookWorm-BookWormUITests-frameworks-${CONFIGURATION}-output-files.xcfilelist",
			);
			runOnlyForDeploymentPostprocessing = 0;
			shellPath = /bin/sh;
			shellScript = "\"${PODS_ROOT}/Target Support Files/Pods-BookWorm-BookWormUITests/Pods-BookWorm-BookWormUITests-frameworks.sh\"\n";
			showEnvVarsInLog = 0;
		};
		533D730C67FB48AB49E35D73 /* [CP] Check Pods Manifest.lock */ = {
			isa = PBXShellScriptBuildPhase;
			buildActionMask = 2147483647;
			files = (
			);
			inputFileListPaths = (
			);
			inputPaths = (
				"${PODS_PODFILE_DIR_PATH}/Podfile.lock",
				"${PODS_ROOT}/Manifest.lock",
			);
			name = "[CP] Check Pods Manifest.lock";
			outputFileListPaths = (
			);
			outputPaths = (
				"$(DERIVED_FILE_DIR)/Pods-BookWorm-checkManifestLockResult.txt",
			);
			runOnlyForDeploymentPostprocessing = 0;
			shellPath = /bin/sh;
			shellScript = "diff \"${PODS_PODFILE_DIR_PATH}/Podfile.lock\" \"${PODS_ROOT}/Manifest.lock\" > /dev/null\nif [ $? != 0 ] ; then\n    # print error to STDERR\n    echo \"error: The sandbox is not in sync with the Podfile.lock. Run 'pod install' or update your CocoaPods installation.\" >&2\n    exit 1\nfi\n# This output is used by Xcode 'outputs' to avoid re-running this script phase.\necho \"SUCCESS\" > \"${SCRIPT_OUTPUT_FILE_0}\"\n";
			showEnvVarsInLog = 0;
		};
		753284AB26FB6A8C4FD0E90D /* [CP] Check Pods Manifest.lock */ = {
			isa = PBXShellScriptBuildPhase;
			buildActionMask = 2147483647;
			files = (
			);
			inputFileListPaths = (
			);
			inputPaths = (
				"${PODS_PODFILE_DIR_PATH}/Podfile.lock",
				"${PODS_ROOT}/Manifest.lock",
			);
			name = "[CP] Check Pods Manifest.lock";
			outputFileListPaths = (
			);
			outputPaths = (
				"$(DERIVED_FILE_DIR)/Pods-BookWormTests-checkManifestLockResult.txt",
			);
			runOnlyForDeploymentPostprocessing = 0;
			shellPath = /bin/sh;
			shellScript = "diff \"${PODS_PODFILE_DIR_PATH}/Podfile.lock\" \"${PODS_ROOT}/Manifest.lock\" > /dev/null\nif [ $? != 0 ] ; then\n    # print error to STDERR\n    echo \"error: The sandbox is not in sync with the Podfile.lock. Run 'pod install' or update your CocoaPods installation.\" >&2\n    exit 1\nfi\n# This output is used by Xcode 'outputs' to avoid re-running this script phase.\necho \"SUCCESS\" > \"${SCRIPT_OUTPUT_FILE_0}\"\n";
			showEnvVarsInLog = 0;
		};
		84A0DAA27D3823E4E880610E /* [CP] Embed Pods Frameworks */ = {
			isa = PBXShellScriptBuildPhase;
			buildActionMask = 2147483647;
			files = (
			);
			inputFileListPaths = (
				"${PODS_ROOT}/Target Support Files/Pods-BookWorm/Pods-BookWorm-frameworks-${CONFIGURATION}-input-files.xcfilelist",
			);
			name = "[CP] Embed Pods Frameworks";
			outputFileListPaths = (
				"${PODS_ROOT}/Target Support Files/Pods-BookWorm/Pods-BookWorm-frameworks-${CONFIGURATION}-output-files.xcfilelist",
			);
			runOnlyForDeploymentPostprocessing = 0;
			shellPath = /bin/sh;
			shellScript = "\"${PODS_ROOT}/Target Support Files/Pods-BookWorm/Pods-BookWorm-frameworks.sh\"\n";
			showEnvVarsInLog = 0;
		};
		86E405F878C9E186719A7462 /* [CP] Check Pods Manifest.lock */ = {
			isa = PBXShellScriptBuildPhase;
			buildActionMask = 2147483647;
			files = (
			);
			inputFileListPaths = (
			);
			inputPaths = (
				"${PODS_PODFILE_DIR_PATH}/Podfile.lock",
				"${PODS_ROOT}/Manifest.lock",
			);
			name = "[CP] Check Pods Manifest.lock";
			outputFileListPaths = (
			);
			outputPaths = (
				"$(DERIVED_FILE_DIR)/Pods-BookWorm-BookWormUITests-checkManifestLockResult.txt",
			);
			runOnlyForDeploymentPostprocessing = 0;
			shellPath = /bin/sh;
			shellScript = "diff \"${PODS_PODFILE_DIR_PATH}/Podfile.lock\" \"${PODS_ROOT}/Manifest.lock\" > /dev/null\nif [ $? != 0 ] ; then\n    # print error to STDERR\n    echo \"error: The sandbox is not in sync with the Podfile.lock. Run 'pod install' or update your CocoaPods installation.\" >&2\n    exit 1\nfi\n# This output is used by Xcode 'outputs' to avoid re-running this script phase.\necho \"SUCCESS\" > \"${SCRIPT_OUTPUT_FILE_0}\"\n";
			showEnvVarsInLog = 0;
		};
/* End PBXShellScriptBuildPhase section */

/* Begin PBXSourcesBuildPhase section */
		4F80F59E2876730500B93E31 /* Sources */ = {
			isa = PBXSourcesBuildPhase;
			buildActionMask = 2147483647;
			files = (
				4F87DF192888A17900CC74BA /* InnerChatCell.m in Sources */,
				4F80F6052878981200B93E31 /* Book.m in Sources */,
				4F80F5A72876730500B93E31 /* AppDelegate.m in Sources */,
				4F80F5E9287675C000B93E31 /* RecommendationsViewController.m in Sources */,
				4F2FFBD62885F69400F766AC /* Comment.m in Sources */,
				4F87DF0D28874DA000CC74BA /* CommentDetailsViewController.m in Sources */,
				4F2FFBD02885DBA200F766AC /* CommentCell.m in Sources */,
				4F87DF162888781900CC74BA /* IndividualChatViewController.m in Sources */,
				4F80F5B82876730500B93E31 /* main.m in Sources */,
				4F80F5E32876752800B93E31 /* SignUpViewController.m in Sources */,
				4F87DF0A28872B2C00CC74BA /* OtherProfileViewController.m in Sources */,
				4F80F5E62876758B00B93E31 /* GenrePickerViewController.m in Sources */,
				4FC276572878CD2800ED3ACA /* GenreCell.m in Sources */,
				4F80F5AA2876730500B93E31 /* SceneDelegate.m in Sources */,
				4F80F5EC287675D600B93E31 /* MyBooksViewController.m in Sources */,
				4FC27660287C9E3500ED3ACA /* GoogleBook.m in Sources */,
				4F80F60A28789E6100B93E31 /* BookCell.m in Sources */,
				4FC2765A2878E58900ED3ACA /* RecommendationsDetailViewController.m in Sources */,
				4F87DF22288B10E400CC74BA /* OuterChatCell.m in Sources */,
				4F80F5DC287674D300B93E31 /* FirstViewController.m in Sources */,
				4FC27668287DE64A00ED3ACA /* SearchDetailsViewController.m in Sources */,
				4F87DF1F2889E4E600CC74BA /* Conversation.m in Sources */,
				4F80F5F2287675F700B93E31 /* ProfileViewController.m in Sources */,
				4F80F5E02876751700B93E31 /* LoginViewController.m in Sources */,
				4F87DF1C2889CAB000CC74BA /* Chat.m in Sources */,
				4F2FFBD92885F90300F766AC /* ComposeViewController.m in Sources */,
				4F87DF13288874AB00CC74BA /* ChatCell.m in Sources */,
				4F80F601287895C500B93E31 /* SearchViewController.m in Sources */,
				4F80F5EF287675E800B93E31 /* BookTalkViewController.m in Sources */,
			);
			runOnlyForDeploymentPostprocessing = 0;
		};
		4F80F5B92876730600B93E31 /* Sources */ = {
			isa = PBXSourcesBuildPhase;
			buildActionMask = 2147483647;
			files = (
				4F80F5C22876730600B93E31 /* BookWormTests.m in Sources */,
			);
			runOnlyForDeploymentPostprocessing = 0;
		};
		4F80F5C32876730600B93E31 /* Sources */ = {
			isa = PBXSourcesBuildPhase;
			buildActionMask = 2147483647;
			files = (
				4F80F5CE2876730600B93E31 /* BookWormUITestsLaunchTests.m in Sources */,
				4F80F5CC2876730600B93E31 /* BookWormUITests.m in Sources */,
			);
			runOnlyForDeploymentPostprocessing = 0;
		};
/* End PBXSourcesBuildPhase section */

/* Begin PBXTargetDependency section */
		4F80F5BF2876730600B93E31 /* PBXTargetDependency */ = {
			isa = PBXTargetDependency;
			target = 4F80F5A12876730500B93E31 /* BookWorm */;
			targetProxy = 4F80F5BE2876730600B93E31 /* PBXContainerItemProxy */;
		};
		4F80F5C92876730600B93E31 /* PBXTargetDependency */ = {
			isa = PBXTargetDependency;
			target = 4F80F5A12876730500B93E31 /* BookWorm */;
			targetProxy = 4F80F5C82876730600B93E31 /* PBXContainerItemProxy */;
		};
/* End PBXTargetDependency section */

/* Begin PBXVariantGroup section */
		4F80F5AE2876730500B93E31 /* Main.storyboard */ = {
			isa = PBXVariantGroup;
			children = (
				4F80F5AF2876730500B93E31 /* Base */,
			);
			name = Main.storyboard;
			sourceTree = "<group>";
		};
		4F80F5B32876730500B93E31 /* LaunchScreen.storyboard */ = {
			isa = PBXVariantGroup;
			children = (
				4F80F5B42876730500B93E31 /* Base */,
			);
			name = LaunchScreen.storyboard;
			sourceTree = "<group>";
		};
/* End PBXVariantGroup section */

/* Begin XCBuildConfiguration section */
		4F80F5CF2876730600B93E31 /* Debug */ = {
			isa = XCBuildConfiguration;
			buildSettings = {
				ALWAYS_SEARCH_USER_PATHS = NO;
				CLANG_ANALYZER_NONNULL = YES;
				CLANG_ANALYZER_NUMBER_OBJECT_CONVERSION = YES_AGGRESSIVE;
				CLANG_CXX_LANGUAGE_STANDARD = "gnu++17";
				CLANG_ENABLE_MODULES = YES;
				CLANG_ENABLE_OBJC_ARC = YES;
				CLANG_ENABLE_OBJC_WEAK = YES;
				CLANG_WARN_BLOCK_CAPTURE_AUTORELEASING = YES;
				CLANG_WARN_BOOL_CONVERSION = YES;
				CLANG_WARN_COMMA = YES;
				CLANG_WARN_CONSTANT_CONVERSION = YES;
				CLANG_WARN_DEPRECATED_OBJC_IMPLEMENTATIONS = YES;
				CLANG_WARN_DIRECT_OBJC_ISA_USAGE = YES_ERROR;
				CLANG_WARN_DOCUMENTATION_COMMENTS = YES;
				CLANG_WARN_EMPTY_BODY = YES;
				CLANG_WARN_ENUM_CONVERSION = YES;
				CLANG_WARN_INFINITE_RECURSION = YES;
				CLANG_WARN_INT_CONVERSION = YES;
				CLANG_WARN_NON_LITERAL_NULL_CONVERSION = YES;
				CLANG_WARN_OBJC_IMPLICIT_RETAIN_SELF = YES;
				CLANG_WARN_OBJC_LITERAL_CONVERSION = YES;
				CLANG_WARN_OBJC_ROOT_CLASS = YES_ERROR;
				CLANG_WARN_QUOTED_INCLUDE_IN_FRAMEWORK_HEADER = YES;
				CLANG_WARN_RANGE_LOOP_ANALYSIS = YES;
				CLANG_WARN_STRICT_PROTOTYPES = YES;
				CLANG_WARN_SUSPICIOUS_MOVE = YES;
				CLANG_WARN_UNGUARDED_AVAILABILITY = YES_AGGRESSIVE;
				CLANG_WARN_UNREACHABLE_CODE = YES;
				CLANG_WARN__DUPLICATE_METHOD_MATCH = YES;
				COPY_PHASE_STRIP = NO;
				DEBUG_INFORMATION_FORMAT = dwarf;
				ENABLE_STRICT_OBJC_MSGSEND = YES;
				ENABLE_TESTABILITY = YES;
				GCC_C_LANGUAGE_STANDARD = gnu11;
				GCC_DYNAMIC_NO_PIC = NO;
				GCC_NO_COMMON_BLOCKS = YES;
				GCC_OPTIMIZATION_LEVEL = 0;
				GCC_PREPROCESSOR_DEFINITIONS = (
					"DEBUG=1",
					"$(inherited)",
				);
				GCC_WARN_64_TO_32_BIT_CONVERSION = YES;
				GCC_WARN_ABOUT_RETURN_TYPE = YES_ERROR;
				GCC_WARN_UNDECLARED_SELECTOR = YES;
				GCC_WARN_UNINITIALIZED_AUTOS = YES_AGGRESSIVE;
				GCC_WARN_UNUSED_FUNCTION = YES;
				GCC_WARN_UNUSED_VARIABLE = YES;
				IPHONEOS_DEPLOYMENT_TARGET = 15.5;
				MTL_ENABLE_DEBUG_INFO = INCLUDE_SOURCE;
				MTL_FAST_MATH = YES;
				ONLY_ACTIVE_ARCH = YES;
				SDKROOT = iphoneos;
			};
			name = Debug;
		};
		4F80F5D02876730600B93E31 /* Release */ = {
			isa = XCBuildConfiguration;
			buildSettings = {
				ALWAYS_SEARCH_USER_PATHS = NO;
				CLANG_ANALYZER_NONNULL = YES;
				CLANG_ANALYZER_NUMBER_OBJECT_CONVERSION = YES_AGGRESSIVE;
				CLANG_CXX_LANGUAGE_STANDARD = "gnu++17";
				CLANG_ENABLE_MODULES = YES;
				CLANG_ENABLE_OBJC_ARC = YES;
				CLANG_ENABLE_OBJC_WEAK = YES;
				CLANG_WARN_BLOCK_CAPTURE_AUTORELEASING = YES;
				CLANG_WARN_BOOL_CONVERSION = YES;
				CLANG_WARN_COMMA = YES;
				CLANG_WARN_CONSTANT_CONVERSION = YES;
				CLANG_WARN_DEPRECATED_OBJC_IMPLEMENTATIONS = YES;
				CLANG_WARN_DIRECT_OBJC_ISA_USAGE = YES_ERROR;
				CLANG_WARN_DOCUMENTATION_COMMENTS = YES;
				CLANG_WARN_EMPTY_BODY = YES;
				CLANG_WARN_ENUM_CONVERSION = YES;
				CLANG_WARN_INFINITE_RECURSION = YES;
				CLANG_WARN_INT_CONVERSION = YES;
				CLANG_WARN_NON_LITERAL_NULL_CONVERSION = YES;
				CLANG_WARN_OBJC_IMPLICIT_RETAIN_SELF = YES;
				CLANG_WARN_OBJC_LITERAL_CONVERSION = YES;
				CLANG_WARN_OBJC_ROOT_CLASS = YES_ERROR;
				CLANG_WARN_QUOTED_INCLUDE_IN_FRAMEWORK_HEADER = YES;
				CLANG_WARN_RANGE_LOOP_ANALYSIS = YES;
				CLANG_WARN_STRICT_PROTOTYPES = YES;
				CLANG_WARN_SUSPICIOUS_MOVE = YES;
				CLANG_WARN_UNGUARDED_AVAILABILITY = YES_AGGRESSIVE;
				CLANG_WARN_UNREACHABLE_CODE = YES;
				CLANG_WARN__DUPLICATE_METHOD_MATCH = YES;
				COPY_PHASE_STRIP = NO;
				DEBUG_INFORMATION_FORMAT = "dwarf-with-dsym";
				ENABLE_NS_ASSERTIONS = NO;
				ENABLE_STRICT_OBJC_MSGSEND = YES;
				GCC_C_LANGUAGE_STANDARD = gnu11;
				GCC_NO_COMMON_BLOCKS = YES;
				GCC_WARN_64_TO_32_BIT_CONVERSION = YES;
				GCC_WARN_ABOUT_RETURN_TYPE = YES_ERROR;
				GCC_WARN_UNDECLARED_SELECTOR = YES;
				GCC_WARN_UNINITIALIZED_AUTOS = YES_AGGRESSIVE;
				GCC_WARN_UNUSED_FUNCTION = YES;
				GCC_WARN_UNUSED_VARIABLE = YES;
				IPHONEOS_DEPLOYMENT_TARGET = 15.5;
				MTL_ENABLE_DEBUG_INFO = NO;
				MTL_FAST_MATH = YES;
				SDKROOT = iphoneos;
				VALIDATE_PRODUCT = YES;
			};
			name = Release;
		};
		4F80F5D22876730600B93E31 /* Debug */ = {
			isa = XCBuildConfiguration;
			baseConfigurationReference = 3DE3E9FB85F82FFDD3C2C059 /* Pods-BookWorm.debug.xcconfig */;
			buildSettings = {
				ASSETCATALOG_COMPILER_APPICON_NAME = AppIcon;
				ASSETCATALOG_COMPILER_GLOBAL_ACCENT_COLOR_NAME = AccentColor;
				CODE_SIGN_ENTITLEMENTS = BookWorm/BookWorm.entitlements;
				CODE_SIGN_STYLE = Automatic;
				CURRENT_PROJECT_VERSION = 1;
				DEVELOPMENT_TEAM = THD2CHN55T;
				GENERATE_INFOPLIST_FILE = YES;
				INFOPLIST_FILE = BookWorm/Info.plist;
				INFOPLIST_KEY_UIApplicationSupportsIndirectInputEvents = YES;
				INFOPLIST_KEY_UILaunchStoryboardName = LaunchScreen;
				INFOPLIST_KEY_UIMainStoryboardFile = Main;
				INFOPLIST_KEY_UISupportedInterfaceOrientations_iPad = "UIInterfaceOrientationPortrait UIInterfaceOrientationPortraitUpsideDown UIInterfaceOrientationLandscapeLeft UIInterfaceOrientationLandscapeRight";
				INFOPLIST_KEY_UISupportedInterfaceOrientations_iPhone = "UIInterfaceOrientationPortrait UIInterfaceOrientationLandscapeLeft UIInterfaceOrientationLandscapeRight";
				LD_RUNPATH_SEARCH_PATHS = (
					"$(inherited)",
					"@executable_path/Frameworks",
				);
				MARKETING_VERSION = 1.0;
				PRODUCT_BUNDLE_IDENTIFIER = com.codepath.BookWorm;
				PRODUCT_NAME = "$(TARGET_NAME)";
				SWIFT_EMIT_LOC_STRINGS = YES;
				TARGETED_DEVICE_FAMILY = "1,2";
			};
			name = Debug;
		};
		4F80F5D32876730600B93E31 /* Release */ = {
			isa = XCBuildConfiguration;
			baseConfigurationReference = 3F1E7F284A00C4C5A74D16F1 /* Pods-BookWorm.release.xcconfig */;
			buildSettings = {
				ASSETCATALOG_COMPILER_APPICON_NAME = AppIcon;
				ASSETCATALOG_COMPILER_GLOBAL_ACCENT_COLOR_NAME = AccentColor;
				CODE_SIGN_ENTITLEMENTS = BookWorm/BookWorm.entitlements;
				CODE_SIGN_STYLE = Automatic;
				CURRENT_PROJECT_VERSION = 1;
				DEVELOPMENT_TEAM = THD2CHN55T;
				GENERATE_INFOPLIST_FILE = YES;
				INFOPLIST_FILE = BookWorm/Info.plist;
				INFOPLIST_KEY_UIApplicationSupportsIndirectInputEvents = YES;
				INFOPLIST_KEY_UILaunchStoryboardName = LaunchScreen;
				INFOPLIST_KEY_UIMainStoryboardFile = Main;
				INFOPLIST_KEY_UISupportedInterfaceOrientations_iPad = "UIInterfaceOrientationPortrait UIInterfaceOrientationPortraitUpsideDown UIInterfaceOrientationLandscapeLeft UIInterfaceOrientationLandscapeRight";
				INFOPLIST_KEY_UISupportedInterfaceOrientations_iPhone = "UIInterfaceOrientationPortrait UIInterfaceOrientationLandscapeLeft UIInterfaceOrientationLandscapeRight";
				LD_RUNPATH_SEARCH_PATHS = (
					"$(inherited)",
					"@executable_path/Frameworks",
				);
				MARKETING_VERSION = 1.0;
				PRODUCT_BUNDLE_IDENTIFIER = com.codepath.BookWorm;
				PRODUCT_NAME = "$(TARGET_NAME)";
				SWIFT_EMIT_LOC_STRINGS = YES;
				TARGETED_DEVICE_FAMILY = "1,2";
			};
			name = Release;
		};
		4F80F5D52876730600B93E31 /* Debug */ = {
			isa = XCBuildConfiguration;
			baseConfigurationReference = 852401C44F12B736CF67DA6D /* Pods-BookWormTests.debug.xcconfig */;
			buildSettings = {
				BUNDLE_LOADER = "$(TEST_HOST)";
				CODE_SIGN_STYLE = Automatic;
				CURRENT_PROJECT_VERSION = 1;
				GENERATE_INFOPLIST_FILE = YES;
				IPHONEOS_DEPLOYMENT_TARGET = 15.5;
				MARKETING_VERSION = 1.0;
				PRODUCT_BUNDLE_IDENTIFIER = com.codepath.BookWormTests;
				PRODUCT_NAME = "$(TARGET_NAME)";
				SWIFT_EMIT_LOC_STRINGS = NO;
				TARGETED_DEVICE_FAMILY = "1,2";
				TEST_HOST = "$(BUILT_PRODUCTS_DIR)/BookWorm.app/BookWorm";
			};
			name = Debug;
		};
		4F80F5D62876730600B93E31 /* Release */ = {
			isa = XCBuildConfiguration;
			baseConfigurationReference = A728864D74B46C577C789F32 /* Pods-BookWormTests.release.xcconfig */;
			buildSettings = {
				BUNDLE_LOADER = "$(TEST_HOST)";
				CODE_SIGN_STYLE = Automatic;
				CURRENT_PROJECT_VERSION = 1;
				GENERATE_INFOPLIST_FILE = YES;
				IPHONEOS_DEPLOYMENT_TARGET = 15.5;
				MARKETING_VERSION = 1.0;
				PRODUCT_BUNDLE_IDENTIFIER = com.codepath.BookWormTests;
				PRODUCT_NAME = "$(TARGET_NAME)";
				SWIFT_EMIT_LOC_STRINGS = NO;
				TARGETED_DEVICE_FAMILY = "1,2";
				TEST_HOST = "$(BUILT_PRODUCTS_DIR)/BookWorm.app/BookWorm";
			};
			name = Release;
		};
		4F80F5D82876730600B93E31 /* Debug */ = {
			isa = XCBuildConfiguration;
			baseConfigurationReference = 9D4331481710718B70D4FD1C /* Pods-BookWorm-BookWormUITests.debug.xcconfig */;
			buildSettings = {
				CODE_SIGN_STYLE = Automatic;
				CURRENT_PROJECT_VERSION = 1;
				GENERATE_INFOPLIST_FILE = YES;
				MARKETING_VERSION = 1.0;
				PRODUCT_BUNDLE_IDENTIFIER = com.codepath.BookWormUITests;
				PRODUCT_NAME = "$(TARGET_NAME)";
				SWIFT_EMIT_LOC_STRINGS = NO;
				TARGETED_DEVICE_FAMILY = "1,2";
				TEST_TARGET_NAME = BookWorm;
			};
			name = Debug;
		};
		4F80F5D92876730600B93E31 /* Release */ = {
			isa = XCBuildConfiguration;
			baseConfigurationReference = BC433AB0B67EC44E11C26FC0 /* Pods-BookWorm-BookWormUITests.release.xcconfig */;
			buildSettings = {
				CODE_SIGN_STYLE = Automatic;
				CURRENT_PROJECT_VERSION = 1;
				GENERATE_INFOPLIST_FILE = YES;
				MARKETING_VERSION = 1.0;
				PRODUCT_BUNDLE_IDENTIFIER = com.codepath.BookWormUITests;
				PRODUCT_NAME = "$(TARGET_NAME)";
				SWIFT_EMIT_LOC_STRINGS = NO;
				TARGETED_DEVICE_FAMILY = "1,2";
				TEST_TARGET_NAME = BookWorm;
			};
			name = Release;
		};
/* End XCBuildConfiguration section */

/* Begin XCConfigurationList section */
		4F80F59D2876730500B93E31 /* Build configuration list for PBXProject "BookWorm" */ = {
			isa = XCConfigurationList;
			buildConfigurations = (
				4F80F5CF2876730600B93E31 /* Debug */,
				4F80F5D02876730600B93E31 /* Release */,
			);
			defaultConfigurationIsVisible = 0;
			defaultConfigurationName = Release;
		};
		4F80F5D12876730600B93E31 /* Build configuration list for PBXNativeTarget "BookWorm" */ = {
			isa = XCConfigurationList;
			buildConfigurations = (
				4F80F5D22876730600B93E31 /* Debug */,
				4F80F5D32876730600B93E31 /* Release */,
			);
			defaultConfigurationIsVisible = 0;
			defaultConfigurationName = Release;
		};
		4F80F5D42876730600B93E31 /* Build configuration list for PBXNativeTarget "BookWormTests" */ = {
			isa = XCConfigurationList;
			buildConfigurations = (
				4F80F5D52876730600B93E31 /* Debug */,
				4F80F5D62876730600B93E31 /* Release */,
			);
			defaultConfigurationIsVisible = 0;
			defaultConfigurationName = Release;
		};
		4F80F5D72876730600B93E31 /* Build configuration list for PBXNativeTarget "BookWormUITests" */ = {
			isa = XCConfigurationList;
			buildConfigurations = (
				4F80F5D82876730600B93E31 /* Debug */,
				4F80F5D92876730600B93E31 /* Release */,
			);
			defaultConfigurationIsVisible = 0;
			defaultConfigurationName = Release;
		};
/* End XCConfigurationList section */

/* Begin XCRemoteSwiftPackageReference section */
		4F80F5F328768EDF00B93E31 /* XCRemoteSwiftPackageReference "facebook-ios-sdk" */ = {
			isa = XCRemoteSwiftPackageReference;
			repositoryURL = "https://github.com/facebook/facebook-ios-sdk";
			requirement = {
				kind = upToNextMajorVersion;
				minimumVersion = 14.1.0;
			};
		};
/* End XCRemoteSwiftPackageReference section */

/* Begin XCSwiftPackageProductDependency section */
		4F80F5F428768EDF00B93E31 /* FacebookLogin */ = {
			isa = XCSwiftPackageProductDependency;
			package = 4F80F5F328768EDF00B93E31 /* XCRemoteSwiftPackageReference "facebook-ios-sdk" */;
			productName = FacebookLogin;
		};
/* End XCSwiftPackageProductDependency section */
	};
	rootObject = 4F80F59A2876730500B93E31 /* Project object */;
}
