// !$*UTF8*$!
{
	archiveVersion = 1;
	classes = {
	};
	objectVersion = 55;
	objects = {

/* Begin PBXBuildFile section */
		2AF10D1511CC40C8C87BFCF1 /* Pods_BookWormTests.framework in Frameworks */ = {isa = PBXBuildFile; fileRef = BBFF7F0DE4C4B6F5B21C01A8 /* Pods_BookWormTests.framework */; };
		2D0BCC0C547A5AFA5A81A3B1 /* Pods_BookWorm.framework in Frameworks */ = {isa = PBXBuildFile; fileRef = 90EDBEFBB6F78B9BACC3ED2B /* Pods_BookWorm.framework */; };
		4F80F52128764C4800B93E31 /* AppDelegate.m in Sources */ = {isa = PBXBuildFile; fileRef = 4F80F52028764C4800B93E31 /* AppDelegate.m */; };
		4F80F52428764C4800B93E31 /* SceneDelegate.m in Sources */ = {isa = PBXBuildFile; fileRef = 4F80F52328764C4800B93E31 /* SceneDelegate.m */; };
		4F80F52728764C4800B93E31 /* ViewController.m in Sources */ = {isa = PBXBuildFile; fileRef = 4F80F52628764C4800B93E31 /* ViewController.m */; };
		4F80F52A28764C4800B93E31 /* Main.storyboard in Resources */ = {isa = PBXBuildFile; fileRef = 4F80F52828764C4800B93E31 /* Main.storyboard */; };
		4F80F52C28764C4800B93E31 /* Assets.xcassets in Resources */ = {isa = PBXBuildFile; fileRef = 4F80F52B28764C4800B93E31 /* Assets.xcassets */; };
		4F80F52F28764C4800B93E31 /* LaunchScreen.storyboard in Resources */ = {isa = PBXBuildFile; fileRef = 4F80F52D28764C4800B93E31 /* LaunchScreen.storyboard */; };
		4F80F53228764C4800B93E31 /* main.m in Sources */ = {isa = PBXBuildFile; fileRef = 4F80F53128764C4800B93E31 /* main.m */; };
		4F80F53C28764C4900B93E31 /* BookWormTests.m in Sources */ = {isa = PBXBuildFile; fileRef = 4F80F53B28764C4900B93E31 /* BookWormTests.m */; };
		4F80F54628764C4900B93E31 /* BookWormUITests.m in Sources */ = {isa = PBXBuildFile; fileRef = 4F80F54528764C4900B93E31 /* BookWormUITests.m */; };
		4F80F54828764C4900B93E31 /* BookWormUITestsLaunchTests.m in Sources */ = {isa = PBXBuildFile; fileRef = 4F80F54728764C4900B93E31 /* BookWormUITestsLaunchTests.m */; };
		6C12D01530B93BFFEB1E8FAC /* Pods_BookWorm_BookWormUITests.framework in Frameworks */ = {isa = PBXBuildFile; fileRef = 857850B3A60751789672E2A7 /* Pods_BookWorm_BookWormUITests.framework */; };
/* End PBXBuildFile section */

/* Begin PBXContainerItemProxy section */
		4F80F53828764C4900B93E31 /* PBXContainerItemProxy */ = {
			isa = PBXContainerItemProxy;
			containerPortal = 4F80F51428764C4800B93E31 /* Project object */;
			proxyType = 1;
			remoteGlobalIDString = 4F80F51B28764C4800B93E31;
			remoteInfo = BookWorm;
		};
		4F80F54228764C4900B93E31 /* PBXContainerItemProxy */ = {
			isa = PBXContainerItemProxy;
			containerPortal = 4F80F51428764C4800B93E31 /* Project object */;
			proxyType = 1;
			remoteGlobalIDString = 4F80F51B28764C4800B93E31;
			remoteInfo = BookWorm;
		};
/* End PBXContainerItemProxy section */

/* Begin PBXFileReference section */
		440CB83BDFD491BAA4D48A38 /* Pods-BookWormTests.debug.xcconfig */ = {isa = PBXFileReference; includeInIndex = 1; lastKnownFileType = text.xcconfig; name = "Pods-BookWormTests.debug.xcconfig"; path = "Target Support Files/Pods-BookWormTests/Pods-BookWormTests.debug.xcconfig"; sourceTree = "<group>"; };
		4F80F51C28764C4800B93E31 /* BookWorm.app */ = {isa = PBXFileReference; explicitFileType = wrapper.application; includeInIndex = 0; path = BookWorm.app; sourceTree = BUILT_PRODUCTS_DIR; };
		4F80F51F28764C4800B93E31 /* AppDelegate.h */ = {isa = PBXFileReference; lastKnownFileType = sourcecode.c.h; path = AppDelegate.h; sourceTree = "<group>"; };
		4F80F52028764C4800B93E31 /* AppDelegate.m */ = {isa = PBXFileReference; lastKnownFileType = sourcecode.c.objc; path = AppDelegate.m; sourceTree = "<group>"; };
		4F80F52228764C4800B93E31 /* SceneDelegate.h */ = {isa = PBXFileReference; lastKnownFileType = sourcecode.c.h; path = SceneDelegate.h; sourceTree = "<group>"; };
		4F80F52328764C4800B93E31 /* SceneDelegate.m */ = {isa = PBXFileReference; lastKnownFileType = sourcecode.c.objc; path = SceneDelegate.m; sourceTree = "<group>"; };
		4F80F52528764C4800B93E31 /* ViewController.h */ = {isa = PBXFileReference; lastKnownFileType = sourcecode.c.h; path = ViewController.h; sourceTree = "<group>"; };
		4F80F52628764C4800B93E31 /* ViewController.m */ = {isa = PBXFileReference; lastKnownFileType = sourcecode.c.objc; path = ViewController.m; sourceTree = "<group>"; };
		4F80F52928764C4800B93E31 /* Base */ = {isa = PBXFileReference; lastKnownFileType = file.storyboard; name = Base; path = Base.lproj/Main.storyboard; sourceTree = "<group>"; };
		4F80F52B28764C4800B93E31 /* Assets.xcassets */ = {isa = PBXFileReference; lastKnownFileType = folder.assetcatalog; path = Assets.xcassets; sourceTree = "<group>"; };
		4F80F52E28764C4800B93E31 /* Base */ = {isa = PBXFileReference; lastKnownFileType = file.storyboard; name = Base; path = Base.lproj/LaunchScreen.storyboard; sourceTree = "<group>"; };
		4F80F53028764C4800B93E31 /* Info.plist */ = {isa = PBXFileReference; lastKnownFileType = text.plist.xml; path = Info.plist; sourceTree = "<group>"; };
		4F80F53128764C4800B93E31 /* main.m */ = {isa = PBXFileReference; lastKnownFileType = sourcecode.c.objc; path = main.m; sourceTree = "<group>"; };
		4F80F53728764C4900B93E31 /* BookWormTests.xctest */ = {isa = PBXFileReference; explicitFileType = wrapper.cfbundle; includeInIndex = 0; path = BookWormTests.xctest; sourceTree = BUILT_PRODUCTS_DIR; };
		4F80F53B28764C4900B93E31 /* BookWormTests.m */ = {isa = PBXFileReference; lastKnownFileType = sourcecode.c.objc; path = BookWormTests.m; sourceTree = "<group>"; };
		4F80F54128764C4900B93E31 /* BookWormUITests.xctest */ = {isa = PBXFileReference; explicitFileType = wrapper.cfbundle; includeInIndex = 0; path = BookWormUITests.xctest; sourceTree = BUILT_PRODUCTS_DIR; };
		4F80F54528764C4900B93E31 /* BookWormUITests.m */ = {isa = PBXFileReference; lastKnownFileType = sourcecode.c.objc; path = BookWormUITests.m; sourceTree = "<group>"; };
		4F80F54728764C4900B93E31 /* BookWormUITestsLaunchTests.m */ = {isa = PBXFileReference; lastKnownFileType = sourcecode.c.objc; path = BookWormUITestsLaunchTests.m; sourceTree = "<group>"; };
		5525BE1A06D35EEC8C346762 /* Pods-BookWormTests.release.xcconfig */ = {isa = PBXFileReference; includeInIndex = 1; lastKnownFileType = text.xcconfig; name = "Pods-BookWormTests.release.xcconfig"; path = "Target Support Files/Pods-BookWormTests/Pods-BookWormTests.release.xcconfig"; sourceTree = "<group>"; };
		6CAEDC9DEB4AA57C2E05968A /* Pods-BookWorm-BookWormUITests.release.xcconfig */ = {isa = PBXFileReference; includeInIndex = 1; lastKnownFileType = text.xcconfig; name = "Pods-BookWorm-BookWormUITests.release.xcconfig"; path = "Target Support Files/Pods-BookWorm-BookWormUITests/Pods-BookWorm-BookWormUITests.release.xcconfig"; sourceTree = "<group>"; };
		81D44077D2808D10BEA899A9 /* Pods-BookWorm.release.xcconfig */ = {isa = PBXFileReference; includeInIndex = 1; lastKnownFileType = text.xcconfig; name = "Pods-BookWorm.release.xcconfig"; path = "Target Support Files/Pods-BookWorm/Pods-BookWorm.release.xcconfig"; sourceTree = "<group>"; };
		857850B3A60751789672E2A7 /* Pods_BookWorm_BookWormUITests.framework */ = {isa = PBXFileReference; explicitFileType = wrapper.framework; includeInIndex = 0; path = Pods_BookWorm_BookWormUITests.framework; sourceTree = BUILT_PRODUCTS_DIR; };
		90EDBEFBB6F78B9BACC3ED2B /* Pods_BookWorm.framework */ = {isa = PBXFileReference; explicitFileType = wrapper.framework; includeInIndex = 0; path = Pods_BookWorm.framework; sourceTree = BUILT_PRODUCTS_DIR; };
		B96D2A5B20D3F1CE2749E813 /* Pods-BookWorm-BookWormUITests.debug.xcconfig */ = {isa = PBXFileReference; includeInIndex = 1; lastKnownFileType = text.xcconfig; name = "Pods-BookWorm-BookWormUITests.debug.xcconfig"; path = "Target Support Files/Pods-BookWorm-BookWormUITests/Pods-BookWorm-BookWormUITests.debug.xcconfig"; sourceTree = "<group>"; };
		BBFF7F0DE4C4B6F5B21C01A8 /* Pods_BookWormTests.framework */ = {isa = PBXFileReference; explicitFileType = wrapper.framework; includeInIndex = 0; path = Pods_BookWormTests.framework; sourceTree = BUILT_PRODUCTS_DIR; };
		EFDB83CAAD4BBBB485EB8D37 /* Pods-BookWorm.debug.xcconfig */ = {isa = PBXFileReference; includeInIndex = 1; lastKnownFileType = text.xcconfig; name = "Pods-BookWorm.debug.xcconfig"; path = "Target Support Files/Pods-BookWorm/Pods-BookWorm.debug.xcconfig"; sourceTree = "<group>"; };
/* End PBXFileReference section */

/* Begin PBXFrameworksBuildPhase section */
		4F80F51928764C4800B93E31 /* Frameworks */ = {
			isa = PBXFrameworksBuildPhase;
			buildActionMask = 2147483647;
			files = (
				2D0BCC0C547A5AFA5A81A3B1 /* Pods_BookWorm.framework in Frameworks */,
			);
			runOnlyForDeploymentPostprocessing = 0;
		};
		4F80F53428764C4900B93E31 /* Frameworks */ = {
			isa = PBXFrameworksBuildPhase;
			buildActionMask = 2147483647;
			files = (
				2AF10D1511CC40C8C87BFCF1 /* Pods_BookWormTests.framework in Frameworks */,
			);
			runOnlyForDeploymentPostprocessing = 0;
		};
		4F80F53E28764C4900B93E31 /* Frameworks */ = {
			isa = PBXFrameworksBuildPhase;
			buildActionMask = 2147483647;
			files = (
				6C12D01530B93BFFEB1E8FAC /* Pods_BookWorm_BookWormUITests.framework in Frameworks */,
			);
			runOnlyForDeploymentPostprocessing = 0;
		};
/* End PBXFrameworksBuildPhase section */

/* Begin PBXGroup section */
		4F80F51328764C4800B93E31 = {
			isa = PBXGroup;
			children = (
				4F80F51E28764C4800B93E31 /* BookWorm */,
				4F80F53A28764C4900B93E31 /* BookWormTests */,
				4F80F54428764C4900B93E31 /* BookWormUITests */,
				4F80F51D28764C4800B93E31 /* Products */,
				A9CE2FE3840B92013860D763 /* Pods */,
				A11FA1E0317EE533FD73FF03 /* Frameworks */,
			);
			sourceTree = "<group>";
		};
		4F80F51D28764C4800B93E31 /* Products */ = {
			isa = PBXGroup;
			children = (
				4F80F51C28764C4800B93E31 /* BookWorm.app */,
				4F80F53728764C4900B93E31 /* BookWormTests.xctest */,
				4F80F54128764C4900B93E31 /* BookWormUITests.xctest */,
			);
			name = Products;
			sourceTree = "<group>";
		};
		4F80F51E28764C4800B93E31 /* BookWorm */ = {
			isa = PBXGroup;
			children = (
				4F80F52328764C4800B93E31 /* SceneDelegate.m */,
				4F80F52528764C4800B93E31 /* ViewController.h */,
				4F80F52628764C4800B93E31 /* ViewController.m */,
				4F80F51F28764C4800B93E31 /* AppDelegate.h */,
				4F80F52028764C4800B93E31 /* AppDelegate.m */,
				4F80F52228764C4800B93E31 /* SceneDelegate.h */,
				4F80F52828764C4800B93E31 /* Main.storyboard */,
				4F80F52B28764C4800B93E31 /* Assets.xcassets */,
				4F80F52D28764C4800B93E31 /* LaunchScreen.storyboard */,
				4F80F53028764C4800B93E31 /* Info.plist */,
				4F80F53128764C4800B93E31 /* main.m */,
			);
			path = BookWorm;
			sourceTree = "<group>";
		};
		4F80F53A28764C4900B93E31 /* BookWormTests */ = {
			isa = PBXGroup;
			children = (
				4F80F53B28764C4900B93E31 /* BookWormTests.m */,
			);
			path = BookWormTests;
			sourceTree = "<group>";
		};
		4F80F54428764C4900B93E31 /* BookWormUITests */ = {
			isa = PBXGroup;
			children = (
				4F80F54528764C4900B93E31 /* BookWormUITests.m */,
				4F80F54728764C4900B93E31 /* BookWormUITestsLaunchTests.m */,
			);
			path = BookWormUITests;
			sourceTree = "<group>";
		};
		A11FA1E0317EE533FD73FF03 /* Frameworks */ = {
			isa = PBXGroup;
			children = (
				90EDBEFBB6F78B9BACC3ED2B /* Pods_BookWorm.framework */,
				857850B3A60751789672E2A7 /* Pods_BookWorm_BookWormUITests.framework */,
				BBFF7F0DE4C4B6F5B21C01A8 /* Pods_BookWormTests.framework */,
			);
			name = Frameworks;
			sourceTree = "<group>";
		};
		A9CE2FE3840B92013860D763 /* Pods */ = {
			isa = PBXGroup;
			children = (
				EFDB83CAAD4BBBB485EB8D37 /* Pods-BookWorm.debug.xcconfig */,
				81D44077D2808D10BEA899A9 /* Pods-BookWorm.release.xcconfig */,
				B96D2A5B20D3F1CE2749E813 /* Pods-BookWorm-BookWormUITests.debug.xcconfig */,
				6CAEDC9DEB4AA57C2E05968A /* Pods-BookWorm-BookWormUITests.release.xcconfig */,
				440CB83BDFD491BAA4D48A38 /* Pods-BookWormTests.debug.xcconfig */,
				5525BE1A06D35EEC8C346762 /* Pods-BookWormTests.release.xcconfig */,
			);
			path = Pods;
			sourceTree = "<group>";
		};
/* End PBXGroup section */

/* Begin PBXNativeTarget section */
		4F80F51B28764C4800B93E31 /* BookWorm */ = {
			isa = PBXNativeTarget;
			buildConfigurationList = 4F80F54B28764C4900B93E31 /* Build configuration list for PBXNativeTarget "BookWorm" */;
			buildPhases = (
				51D8F7617A549E83DDF6F833 /* [CP] Check Pods Manifest.lock */,
				4F80F51828764C4800B93E31 /* Sources */,
				4F80F51928764C4800B93E31 /* Frameworks */,
				4F80F51A28764C4800B93E31 /* Resources */,
				8D36F78D5FCB66E059FE0F1B /* [CP] Embed Pods Frameworks */,
			);
			buildRules = (
			);
			dependencies = (
			);
			name = BookWorm;
			productName = BookWorm;
			productReference = 4F80F51C28764C4800B93E31 /* BookWorm.app */;
			productType = "com.apple.product-type.application";
		};
		4F80F53628764C4900B93E31 /* BookWormTests */ = {
			isa = PBXNativeTarget;
			buildConfigurationList = 4F80F54E28764C4900B93E31 /* Build configuration list for PBXNativeTarget "BookWormTests" */;
			buildPhases = (
				B3B06EC5442D495F5B134E59 /* [CP] Check Pods Manifest.lock */,
				4F80F53328764C4900B93E31 /* Sources */,
				4F80F53428764C4900B93E31 /* Frameworks */,
				4F80F53528764C4900B93E31 /* Resources */,
			);
			buildRules = (
			);
			dependencies = (
				4F80F53928764C4900B93E31 /* PBXTargetDependency */,
			);
			name = BookWormTests;
			productName = BookWormTests;
			productReference = 4F80F53728764C4900B93E31 /* BookWormTests.xctest */;
			productType = "com.apple.product-type.bundle.unit-test";
		};
		4F80F54028764C4900B93E31 /* BookWormUITests */ = {
			isa = PBXNativeTarget;
			buildConfigurationList = 4F80F55128764C4900B93E31 /* Build configuration list for PBXNativeTarget "BookWormUITests" */;
			buildPhases = (
				47DB782D9F45C50562E78E0A /* [CP] Check Pods Manifest.lock */,
				4F80F53D28764C4900B93E31 /* Sources */,
				4F80F53E28764C4900B93E31 /* Frameworks */,
				4F80F53F28764C4900B93E31 /* Resources */,
				8FAB6941E1BA1ACBF538A6C9 /* [CP] Embed Pods Frameworks */,
			);
			buildRules = (
			);
			dependencies = (
				4F80F54328764C4900B93E31 /* PBXTargetDependency */,
			);
			name = BookWormUITests;
			productName = BookWormUITests;
			productReference = 4F80F54128764C4900B93E31 /* BookWormUITests.xctest */;
			productType = "com.apple.product-type.bundle.ui-testing";
		};
/* End PBXNativeTarget section */

/* Begin PBXProject section */
		4F80F51428764C4800B93E31 /* Project object */ = {
			isa = PBXProject;
			attributes = {
				BuildIndependentTargetsInParallel = 1;
				LastUpgradeCheck = 1340;
				TargetAttributes = {
					4F80F51B28764C4800B93E31 = {
						CreatedOnToolsVersion = 13.4;
					};
					4F80F53628764C4900B93E31 = {
						CreatedOnToolsVersion = 13.4;
						TestTargetID = 4F80F51B28764C4800B93E31;
					};
					4F80F54028764C4900B93E31 = {
						CreatedOnToolsVersion = 13.4;
						TestTargetID = 4F80F51B28764C4800B93E31;
					};
				};
			};
			buildConfigurationList = 4F80F51728764C4800B93E31 /* Build configuration list for PBXProject "BookWorm" */;
			compatibilityVersion = "Xcode 13.0";
			developmentRegion = en;
			hasScannedForEncodings = 0;
			knownRegions = (
				en,
				Base,
			);
			mainGroup = 4F80F51328764C4800B93E31;
			productRefGroup = 4F80F51D28764C4800B93E31 /* Products */;
			projectDirPath = "";
			projectRoot = "";
			targets = (
				4F80F51B28764C4800B93E31 /* BookWorm */,
				4F80F53628764C4900B93E31 /* BookWormTests */,
				4F80F54028764C4900B93E31 /* BookWormUITests */,
			);
		};
/* End PBXProject section */

/* Begin PBXResourcesBuildPhase section */
		4F80F51A28764C4800B93E31 /* Resources */ = {
			isa = PBXResourcesBuildPhase;
			buildActionMask = 2147483647;
			files = (
				4F80F52F28764C4800B93E31 /* LaunchScreen.storyboard in Resources */,
				4F80F52C28764C4800B93E31 /* Assets.xcassets in Resources */,
				4F80F52A28764C4800B93E31 /* Main.storyboard in Resources */,
			);
			runOnlyForDeploymentPostprocessing = 0;
		};
		4F80F53528764C4900B93E31 /* Resources */ = {
			isa = PBXResourcesBuildPhase;
			buildActionMask = 2147483647;
			files = (
			);
			runOnlyForDeploymentPostprocessing = 0;
		};
		4F80F53F28764C4900B93E31 /* Resources */ = {
			isa = PBXResourcesBuildPhase;
			buildActionMask = 2147483647;
			files = (
			);
			runOnlyForDeploymentPostprocessing = 0;
		};
/* End PBXResourcesBuildPhase section */

/* Begin PBXShellScriptBuildPhase section */
		47DB782D9F45C50562E78E0A /* [CP] Check Pods Manifest.lock */ = {
			isa = PBXShellScriptBuildPhase;
			buildActionMask = 2147483647;
			files = (
			);
			inputFileListPaths = (
			);
			inputPaths = (
				"${PODS_PODFILE_DIR_PATH}/Podfile.lock",
				"${PODS_ROOT}/Manifest.lock",
			);
			name = "[CP] Check Pods Manifest.lock";
			outputFileListPaths = (
			);
			outputPaths = (
				"$(DERIVED_FILE_DIR)/Pods-BookWorm-BookWormUITests-checkManifestLockResult.txt",
			);
			runOnlyForDeploymentPostprocessing = 0;
			shellPath = /bin/sh;
			shellScript = "diff \"${PODS_PODFILE_DIR_PATH}/Podfile.lock\" \"${PODS_ROOT}/Manifest.lock\" > /dev/null\nif [ $? != 0 ] ; then\n    # print error to STDERR\n    echo \"error: The sandbox is not in sync with the Podfile.lock. Run 'pod install' or update your CocoaPods installation.\" >&2\n    exit 1\nfi\n# This output is used by Xcode 'outputs' to avoid re-running this script phase.\necho \"SUCCESS\" > \"${SCRIPT_OUTPUT_FILE_0}\"\n";
			showEnvVarsInLog = 0;
		};
		51D8F7617A549E83DDF6F833 /* [CP] Check Pods Manifest.lock */ = {
			isa = PBXShellScriptBuildPhase;
			buildActionMask = 2147483647;
			files = (
			);
			inputFileListPaths = (
			);
			inputPaths = (
				"${PODS_PODFILE_DIR_PATH}/Podfile.lock",
				"${PODS_ROOT}/Manifest.lock",
			);
			name = "[CP] Check Pods Manifest.lock";
			outputFileListPaths = (
			);
			outputPaths = (
				"$(DERIVED_FILE_DIR)/Pods-BookWorm-checkManifestLockResult.txt",
			);
			runOnlyForDeploymentPostprocessing = 0;
			shellPath = /bin/sh;
			shellScript = "diff \"${PODS_PODFILE_DIR_PATH}/Podfile.lock\" \"${PODS_ROOT}/Manifest.lock\" > /dev/null\nif [ $? != 0 ] ; then\n    # print error to STDERR\n    echo \"error: The sandbox is not in sync with the Podfile.lock. Run 'pod install' or update your CocoaPods installation.\" >&2\n    exit 1\nfi\n# This output is used by Xcode 'outputs' to avoid re-running this script phase.\necho \"SUCCESS\" > \"${SCRIPT_OUTPUT_FILE_0}\"\n";
			showEnvVarsInLog = 0;
		};
		8D36F78D5FCB66E059FE0F1B /* [CP] Embed Pods Frameworks */ = {
			isa = PBXShellScriptBuildPhase;
			buildActionMask = 2147483647;
			files = (
			);
			inputFileListPaths = (
				"${PODS_ROOT}/Target Support Files/Pods-BookWorm/Pods-BookWorm-frameworks-${CONFIGURATION}-input-files.xcfilelist",
			);
			name = "[CP] Embed Pods Frameworks";
			outputFileListPaths = (
				"${PODS_ROOT}/Target Support Files/Pods-BookWorm/Pods-BookWorm-frameworks-${CONFIGURATION}-output-files.xcfilelist",
			);
			runOnlyForDeploymentPostprocessing = 0;
			shellPath = /bin/sh;
			shellScript = "\"${PODS_ROOT}/Target Support Files/Pods-BookWorm/Pods-BookWorm-frameworks.sh\"\n";
			showEnvVarsInLog = 0;
		};
		8FAB6941E1BA1ACBF538A6C9 /* [CP] Embed Pods Frameworks */ = {
			isa = PBXShellScriptBuildPhase;
			buildActionMask = 2147483647;
			files = (
			);
			inputFileListPaths = (
				"${PODS_ROOT}/Target Support Files/Pods-BookWorm-BookWormUITests/Pods-BookWorm-BookWormUITests-frameworks-${CONFIGURATION}-input-files.xcfilelist",
			);
			name = "[CP] Embed Pods Frameworks";
			outputFileListPaths = (
				"${PODS_ROOT}/Target Support Files/Pods-BookWorm-BookWormUITests/Pods-BookWorm-BookWormUITests-frameworks-${CONFIGURATION}-output-files.xcfilelist",
			);
			runOnlyForDeploymentPostprocessing = 0;
			shellPath = /bin/sh;
			shellScript = "\"${PODS_ROOT}/Target Support Files/Pods-BookWorm-BookWormUITests/Pods-BookWorm-BookWormUITests-frameworks.sh\"\n";
			showEnvVarsInLog = 0;
		};
		B3B06EC5442D495F5B134E59 /* [CP] Check Pods Manifest.lock */ = {
			isa = PBXShellScriptBuildPhase;
			buildActionMask = 2147483647;
			files = (
			);
			inputFileListPaths = (
			);
			inputPaths = (
				"${PODS_PODFILE_DIR_PATH}/Podfile.lock",
				"${PODS_ROOT}/Manifest.lock",
			);
			name = "[CP] Check Pods Manifest.lock";
			outputFileListPaths = (
			);
			outputPaths = (
				"$(DERIVED_FILE_DIR)/Pods-BookWormTests-checkManifestLockResult.txt",
			);
			runOnlyForDeploymentPostprocessing = 0;
			shellPath = /bin/sh;
			shellScript = "diff \"${PODS_PODFILE_DIR_PATH}/Podfile.lock\" \"${PODS_ROOT}/Manifest.lock\" > /dev/null\nif [ $? != 0 ] ; then\n    # print error to STDERR\n    echo \"error: The sandbox is not in sync with the Podfile.lock. Run 'pod install' or update your CocoaPods installation.\" >&2\n    exit 1\nfi\n# This output is used by Xcode 'outputs' to avoid re-running this script phase.\necho \"SUCCESS\" > \"${SCRIPT_OUTPUT_FILE_0}\"\n";
			showEnvVarsInLog = 0;
		};
/* End PBXShellScriptBuildPhase section */

/* Begin PBXSourcesBuildPhase section */
		4F80F51828764C4800B93E31 /* Sources */ = {
			isa = PBXSourcesBuildPhase;
			buildActionMask = 2147483647;
			files = (
				4F80F52728764C4800B93E31 /* ViewController.m in Sources */,
				4F80F52128764C4800B93E31 /* AppDelegate.m in Sources */,
				4F80F53228764C4800B93E31 /* main.m in Sources */,
				4F80F52428764C4800B93E31 /* SceneDelegate.m in Sources */,
			);
			runOnlyForDeploymentPostprocessing = 0;
		};
		4F80F53328764C4900B93E31 /* Sources */ = {
			isa = PBXSourcesBuildPhase;
			buildActionMask = 2147483647;
			files = (
				4F80F53C28764C4900B93E31 /* BookWormTests.m in Sources */,
			);
			runOnlyForDeploymentPostprocessing = 0;
		};
		4F80F53D28764C4900B93E31 /* Sources */ = {
			isa = PBXSourcesBuildPhase;
			buildActionMask = 2147483647;
			files = (
				4F80F54828764C4900B93E31 /* BookWormUITestsLaunchTests.m in Sources */,
				4F80F54628764C4900B93E31 /* BookWormUITests.m in Sources */,
			);
			runOnlyForDeploymentPostprocessing = 0;
		};
/* End PBXSourcesBuildPhase section */

/* Begin PBXTargetDependency section */
		4F80F53928764C4900B93E31 /* PBXTargetDependency */ = {
			isa = PBXTargetDependency;
			target = 4F80F51B28764C4800B93E31 /* BookWorm */;
			targetProxy = 4F80F53828764C4900B93E31 /* PBXContainerItemProxy */;
		};
		4F80F54328764C4900B93E31 /* PBXTargetDependency */ = {
			isa = PBXTargetDependency;
			target = 4F80F51B28764C4800B93E31 /* BookWorm */;
			targetProxy = 4F80F54228764C4900B93E31 /* PBXContainerItemProxy */;
		};
/* End PBXTargetDependency section */

/* Begin PBXVariantGroup section */
		4F80F52828764C4800B93E31 /* Main.storyboard */ = {
			isa = PBXVariantGroup;
			children = (
				4F80F52928764C4800B93E31 /* Base */,
			);
			name = Main.storyboard;
			sourceTree = "<group>";
		};
		4F80F52D28764C4800B93E31 /* LaunchScreen.storyboard */ = {
			isa = PBXVariantGroup;
			children = (
				4F80F52E28764C4800B93E31 /* Base */,
			);
			name = LaunchScreen.storyboard;
			sourceTree = "<group>";
		};
/* End PBXVariantGroup section */

/* Begin XCBuildConfiguration section */
		4F80F54928764C4900B93E31 /* Debug */ = {
			isa = XCBuildConfiguration;
			buildSettings = {
				ALWAYS_SEARCH_USER_PATHS = NO;
				CLANG_ANALYZER_NONNULL = YES;
				CLANG_ANALYZER_NUMBER_OBJECT_CONVERSION = YES_AGGRESSIVE;
				CLANG_CXX_LANGUAGE_STANDARD = "gnu++17";
				CLANG_ENABLE_MODULES = YES;
				CLANG_ENABLE_OBJC_ARC = YES;
				CLANG_ENABLE_OBJC_WEAK = YES;
				CLANG_WARN_BLOCK_CAPTURE_AUTORELEASING = YES;
				CLANG_WARN_BOOL_CONVERSION = YES;
				CLANG_WARN_COMMA = YES;
				CLANG_WARN_CONSTANT_CONVERSION = YES;
				CLANG_WARN_DEPRECATED_OBJC_IMPLEMENTATIONS = YES;
				CLANG_WARN_DIRECT_OBJC_ISA_USAGE = YES_ERROR;
				CLANG_WARN_DOCUMENTATION_COMMENTS = YES;
				CLANG_WARN_EMPTY_BODY = YES;
				CLANG_WARN_ENUM_CONVERSION = YES;
				CLANG_WARN_INFINITE_RECURSION = YES;
				CLANG_WARN_INT_CONVERSION = YES;
				CLANG_WARN_NON_LITERAL_NULL_CONVERSION = YES;
				CLANG_WARN_OBJC_IMPLICIT_RETAIN_SELF = YES;
				CLANG_WARN_OBJC_LITERAL_CONVERSION = YES;
				CLANG_WARN_OBJC_ROOT_CLASS = YES_ERROR;
				CLANG_WARN_QUOTED_INCLUDE_IN_FRAMEWORK_HEADER = YES;
				CLANG_WARN_RANGE_LOOP_ANALYSIS = YES;
				CLANG_WARN_STRICT_PROTOTYPES = YES;
				CLANG_WARN_SUSPICIOUS_MOVE = YES;
				CLANG_WARN_UNGUARDED_AVAILABILITY = YES_AGGRESSIVE;
				CLANG_WARN_UNREACHABLE_CODE = YES;
				CLANG_WARN__DUPLICATE_METHOD_MATCH = YES;
				COPY_PHASE_STRIP = NO;
				DEBUG_INFORMATION_FORMAT = dwarf;
				ENABLE_STRICT_OBJC_MSGSEND = YES;
				ENABLE_TESTABILITY = YES;
				GCC_C_LANGUAGE_STANDARD = gnu11;
				GCC_DYNAMIC_NO_PIC = NO;
				GCC_NO_COMMON_BLOCKS = YES;
				GCC_OPTIMIZATION_LEVEL = 0;
				GCC_PREPROCESSOR_DEFINITIONS = (
					"DEBUG=1",
					"$(inherited)",
				);
				GCC_WARN_64_TO_32_BIT_CONVERSION = YES;
				GCC_WARN_ABOUT_RETURN_TYPE = YES_ERROR;
				GCC_WARN_UNDECLARED_SELECTOR = YES;
				GCC_WARN_UNINITIALIZED_AUTOS = YES_AGGRESSIVE;
				GCC_WARN_UNUSED_FUNCTION = YES;
				GCC_WARN_UNUSED_VARIABLE = YES;
				IPHONEOS_DEPLOYMENT_TARGET = 15.5;
				MTL_ENABLE_DEBUG_INFO = INCLUDE_SOURCE;
				MTL_FAST_MATH = YES;
				ONLY_ACTIVE_ARCH = YES;
				SDKROOT = iphoneos;
			};
			name = Debug;
		};
		4F80F54A28764C4900B93E31 /* Release */ = {
			isa = XCBuildConfiguration;
			buildSettings = {
				ALWAYS_SEARCH_USER_PATHS = NO;
				CLANG_ANALYZER_NONNULL = YES;
				CLANG_ANALYZER_NUMBER_OBJECT_CONVERSION = YES_AGGRESSIVE;
				CLANG_CXX_LANGUAGE_STANDARD = "gnu++17";
				CLANG_ENABLE_MODULES = YES;
				CLANG_ENABLE_OBJC_ARC = YES;
				CLANG_ENABLE_OBJC_WEAK = YES;
				CLANG_WARN_BLOCK_CAPTURE_AUTORELEASING = YES;
				CLANG_WARN_BOOL_CONVERSION = YES;
				CLANG_WARN_COMMA = YES;
				CLANG_WARN_CONSTANT_CONVERSION = YES;
				CLANG_WARN_DEPRECATED_OBJC_IMPLEMENTATIONS = YES;
				CLANG_WARN_DIRECT_OBJC_ISA_USAGE = YES_ERROR;
				CLANG_WARN_DOCUMENTATION_COMMENTS = YES;
				CLANG_WARN_EMPTY_BODY = YES;
				CLANG_WARN_ENUM_CONVERSION = YES;
				CLANG_WARN_INFINITE_RECURSION = YES;
				CLANG_WARN_INT_CONVERSION = YES;
				CLANG_WARN_NON_LITERAL_NULL_CONVERSION = YES;
				CLANG_WARN_OBJC_IMPLICIT_RETAIN_SELF = YES;
				CLANG_WARN_OBJC_LITERAL_CONVERSION = YES;
				CLANG_WARN_OBJC_ROOT_CLASS = YES_ERROR;
				CLANG_WARN_QUOTED_INCLUDE_IN_FRAMEWORK_HEADER = YES;
				CLANG_WARN_RANGE_LOOP_ANALYSIS = YES;
				CLANG_WARN_STRICT_PROTOTYPES = YES;
				CLANG_WARN_SUSPICIOUS_MOVE = YES;
				CLANG_WARN_UNGUARDED_AVAILABILITY = YES_AGGRESSIVE;
				CLANG_WARN_UNREACHABLE_CODE = YES;
				CLANG_WARN__DUPLICATE_METHOD_MATCH = YES;
				COPY_PHASE_STRIP = NO;
				DEBUG_INFORMATION_FORMAT = "dwarf-with-dsym";
				ENABLE_NS_ASSERTIONS = NO;
				ENABLE_STRICT_OBJC_MSGSEND = YES;
				GCC_C_LANGUAGE_STANDARD = gnu11;
				GCC_NO_COMMON_BLOCKS = YES;
				GCC_WARN_64_TO_32_BIT_CONVERSION = YES;
				GCC_WARN_ABOUT_RETURN_TYPE = YES_ERROR;
				GCC_WARN_UNDECLARED_SELECTOR = YES;
				GCC_WARN_UNINITIALIZED_AUTOS = YES_AGGRESSIVE;
				GCC_WARN_UNUSED_FUNCTION = YES;
				GCC_WARN_UNUSED_VARIABLE = YES;
				IPHONEOS_DEPLOYMENT_TARGET = 15.5;
				MTL_ENABLE_DEBUG_INFO = NO;
				MTL_FAST_MATH = YES;
				SDKROOT = iphoneos;
				VALIDATE_PRODUCT = YES;
			};
			name = Release;
		};
		4F80F54C28764C4900B93E31 /* Debug */ = {
			isa = XCBuildConfiguration;
			baseConfigurationReference = EFDB83CAAD4BBBB485EB8D37 /* Pods-BookWorm.debug.xcconfig */;
			buildSettings = {
				ASSETCATALOG_COMPILER_APPICON_NAME = AppIcon;
				ASSETCATALOG_COMPILER_GLOBAL_ACCENT_COLOR_NAME = AccentColor;
				CODE_SIGN_STYLE = Automatic;
				CURRENT_PROJECT_VERSION = 1;
				GENERATE_INFOPLIST_FILE = YES;
				INFOPLIST_FILE = BookWorm/Info.plist;
				INFOPLIST_KEY_UIApplicationSupportsIndirectInputEvents = YES;
				INFOPLIST_KEY_UILaunchStoryboardName = LaunchScreen;
				INFOPLIST_KEY_UIMainStoryboardFile = Main;
				INFOPLIST_KEY_UISupportedInterfaceOrientations_iPad = "UIInterfaceOrientationPortrait UIInterfaceOrientationPortraitUpsideDown UIInterfaceOrientationLandscapeLeft UIInterfaceOrientationLandscapeRight";
				INFOPLIST_KEY_UISupportedInterfaceOrientations_iPhone = "UIInterfaceOrientationPortrait UIInterfaceOrientationLandscapeLeft UIInterfaceOrientationLandscapeRight";
				LD_RUNPATH_SEARCH_PATHS = (
					"$(inherited)",
					"@executable_path/Frameworks",
				);
				MARKETING_VERSION = 1.0;
				PRODUCT_BUNDLE_IDENTIFIER = com.codepath.BookWorm;
				PRODUCT_NAME = "$(TARGET_NAME)";
				SWIFT_EMIT_LOC_STRINGS = YES;
				TARGETED_DEVICE_FAMILY = "1,2";
			};
			name = Debug;
		};
		4F80F54D28764C4900B93E31 /* Release */ = {
			isa = XCBuildConfiguration;
			baseConfigurationReference = 81D44077D2808D10BEA899A9 /* Pods-BookWorm.release.xcconfig */;
			buildSettings = {
				ASSETCATALOG_COMPILER_APPICON_NAME = AppIcon;
				ASSETCATALOG_COMPILER_GLOBAL_ACCENT_COLOR_NAME = AccentColor;
				CODE_SIGN_STYLE = Automatic;
				CURRENT_PROJECT_VERSION = 1;
				GENERATE_INFOPLIST_FILE = YES;
				INFOPLIST_FILE = BookWorm/Info.plist;
				INFOPLIST_KEY_UIApplicationSupportsIndirectInputEvents = YES;
				INFOPLIST_KEY_UILaunchStoryboardName = LaunchScreen;
				INFOPLIST_KEY_UIMainStoryboardFile = Main;
				INFOPLIST_KEY_UISupportedInterfaceOrientations_iPad = "UIInterfaceOrientationPortrait UIInterfaceOrientationPortraitUpsideDown UIInterfaceOrientationLandscapeLeft UIInterfaceOrientationLandscapeRight";
				INFOPLIST_KEY_UISupportedInterfaceOrientations_iPhone = "UIInterfaceOrientationPortrait UIInterfaceOrientationLandscapeLeft UIInterfaceOrientationLandscapeRight";
				LD_RUNPATH_SEARCH_PATHS = (
					"$(inherited)",
					"@executable_path/Frameworks",
				);
				MARKETING_VERSION = 1.0;
				PRODUCT_BUNDLE_IDENTIFIER = com.codepath.BookWorm;
				PRODUCT_NAME = "$(TARGET_NAME)";
				SWIFT_EMIT_LOC_STRINGS = YES;
				TARGETED_DEVICE_FAMILY = "1,2";
			};
			name = Release;
		};
		4F80F54F28764C4900B93E31 /* Debug */ = {
			isa = XCBuildConfiguration;
			baseConfigurationReference = 440CB83BDFD491BAA4D48A38 /* Pods-BookWormTests.debug.xcconfig */;
			buildSettings = {
				BUNDLE_LOADER = "$(TEST_HOST)";
				CODE_SIGN_STYLE = Automatic;
				CURRENT_PROJECT_VERSION = 1;
				GENERATE_INFOPLIST_FILE = YES;
				IPHONEOS_DEPLOYMENT_TARGET = 15.5;
				MARKETING_VERSION = 1.0;
				PRODUCT_BUNDLE_IDENTIFIER = com.codepath.BookWormTests;
				PRODUCT_NAME = "$(TARGET_NAME)";
				SWIFT_EMIT_LOC_STRINGS = NO;
				TARGETED_DEVICE_FAMILY = "1,2";
				TEST_HOST = "$(BUILT_PRODUCTS_DIR)/BookWorm.app/BookWorm";
			};
			name = Debug;
		};
		4F80F55028764C4900B93E31 /* Release */ = {
			isa = XCBuildConfiguration;
			baseConfigurationReference = 5525BE1A06D35EEC8C346762 /* Pods-BookWormTests.release.xcconfig */;
			buildSettings = {
				BUNDLE_LOADER = "$(TEST_HOST)";
				CODE_SIGN_STYLE = Automatic;
				CURRENT_PROJECT_VERSION = 1;
				GENERATE_INFOPLIST_FILE = YES;
				IPHONEOS_DEPLOYMENT_TARGET = 15.5;
				MARKETING_VERSION = 1.0;
				PRODUCT_BUNDLE_IDENTIFIER = com.codepath.BookWormTests;
				PRODUCT_NAME = "$(TARGET_NAME)";
				SWIFT_EMIT_LOC_STRINGS = NO;
				TARGETED_DEVICE_FAMILY = "1,2";
				TEST_HOST = "$(BUILT_PRODUCTS_DIR)/BookWorm.app/BookWorm";
			};
			name = Release;
		};
		4F80F55228764C4900B93E31 /* Debug */ = {
			isa = XCBuildConfiguration;
			baseConfigurationReference = B96D2A5B20D3F1CE2749E813 /* Pods-BookWorm-BookWormUITests.debug.xcconfig */;
			buildSettings = {
				CODE_SIGN_STYLE = Automatic;
				CURRENT_PROJECT_VERSION = 1;
				GENERATE_INFOPLIST_FILE = YES;
				MARKETING_VERSION = 1.0;
				PRODUCT_BUNDLE_IDENTIFIER = com.codepath.BookWormUITests;
				PRODUCT_NAME = "$(TARGET_NAME)";
				SWIFT_EMIT_LOC_STRINGS = NO;
				TARGETED_DEVICE_FAMILY = "1,2";
				TEST_TARGET_NAME = BookWorm;
			};
			name = Debug;
		};
		4F80F55328764C4900B93E31 /* Release */ = {
			isa = XCBuildConfiguration;
			baseConfigurationReference = 6CAEDC9DEB4AA57C2E05968A /* Pods-BookWorm-BookWormUITests.release.xcconfig */;
			buildSettings = {
				CODE_SIGN_STYLE = Automatic;
				CURRENT_PROJECT_VERSION = 1;
				GENERATE_INFOPLIST_FILE = YES;
				MARKETING_VERSION = 1.0;
				PRODUCT_BUNDLE_IDENTIFIER = com.codepath.BookWormUITests;
				PRODUCT_NAME = "$(TARGET_NAME)";
				SWIFT_EMIT_LOC_STRINGS = NO;
				TARGETED_DEVICE_FAMILY = "1,2";
				TEST_TARGET_NAME = BookWorm;
			};
			name = Release;
		};
/* End XCBuildConfiguration section */

/* Begin XCConfigurationList section */
		4F80F51728764C4800B93E31 /* Build configuration list for PBXProject "BookWorm" */ = {
			isa = XCConfigurationList;
			buildConfigurations = (
				4F80F54928764C4900B93E31 /* Debug */,
				4F80F54A28764C4900B93E31 /* Release */,
			);
			defaultConfigurationIsVisible = 0;
			defaultConfigurationName = Release;
		};
		4F80F54B28764C4900B93E31 /* Build configuration list for PBXNativeTarget "BookWorm" */ = {
			isa = XCConfigurationList;
			buildConfigurations = (
				4F80F54C28764C4900B93E31 /* Debug */,
				4F80F54D28764C4900B93E31 /* Release */,
			);
			defaultConfigurationIsVisible = 0;
			defaultConfigurationName = Release;
		};
		4F80F54E28764C4900B93E31 /* Build configuration list for PBXNativeTarget "BookWormTests" */ = {
			isa = XCConfigurationList;
			buildConfigurations = (
				4F80F54F28764C4900B93E31 /* Debug */,
				4F80F55028764C4900B93E31 /* Release */,
			);
			defaultConfigurationIsVisible = 0;
			defaultConfigurationName = Release;
		};
		4F80F55128764C4900B93E31 /* Build configuration list for PBXNativeTarget "BookWormUITests" */ = {
			isa = XCConfigurationList;
			buildConfigurations = (
				4F80F55228764C4900B93E31 /* Debug */,
				4F80F55328764C4900B93E31 /* Release */,
			);
			defaultConfigurationIsVisible = 0;
			defaultConfigurationName = Release;
		};
/* End XCConfigurationList section */
	};
	rootObject = 4F80F51428764C4800B93E31 /* Project object */;
}
